// !$*UTF8*$!
{
	archiveVersion = 1;
	classes = {
	};
	objectVersion = 46;
	objects = {

/* Begin PBXBuildFile section */
		390668571B9FF8F700B74228 /* ReferencesViewController.m in Sources */ = {isa = PBXBuildFile; fileRef = 390668561B9FF8F700B74228 /* ReferencesViewController.m */; };
		3906685B1B9FFDE900B74228 /* GraphMenuViewController.m in Sources */ = {isa = PBXBuildFile; fileRef = 3906685A1B9FFDE900B74228 /* GraphMenuViewController.m */; };
		390668AD1BA1F6D200B74228 /* libCorePlot-CocoaTouch.a in Frameworks */ = {isa = PBXBuildFile; fileRef = 390668AC1BA1F6D200B74228 /* libCorePlot-CocoaTouch.a */; };
		390668AF1BA1F70D00B74228 /* QuartzCore.framework in Frameworks */ = {isa = PBXBuildFile; fileRef = 390668AE1BA1F70D00B74228 /* QuartzCore.framework */; };
		390668B11BA1F71200B74228 /* Accelerate.framework in Frameworks */ = {isa = PBXBuildFile; fileRef = 390668B01BA1F71200B74228 /* Accelerate.framework */; };
		390668B41BA1F9A800B74228 /* BarGraphViewController.m in Sources */ = {isa = PBXBuildFile; fileRef = 390668B31BA1F9A800B74228 /* BarGraphViewController.m */; };
		3917D8431BA757AD00C72549 /* BarGraphDataInputViewController.m in Sources */ = {isa = PBXBuildFile; fileRef = 3917D8421BA757AD00C72549 /* BarGraphDataInputViewController.m */; };
		399F9BA11B52514A00DF89A0 /* PlayerInfoViewController.m in Sources */ = {isa = PBXBuildFile; fileRef = 399F9BA01B52514900DF89A0 /* PlayerInfoViewController.m */; };
		399F9BA41B525FBE00DF89A0 /* PlayerStatsViewController.m in Sources */ = {isa = PBXBuildFile; fileRef = 399F9BA31B525FBE00DF89A0 /* PlayerStatsViewController.m */; };
		39A100A91AA4E4340092F5CF /* SWRevealViewController.m in Sources */ = {isa = PBXBuildFile; fileRef = 39A100A81AA4E4340092F5CF /* SWRevealViewController.m */; };
		39A100AC1AA4E5B40092F5CF /* MainMenuViewController.m in Sources */ = {isa = PBXBuildFile; fileRef = 39A100AB1AA4E5B40092F5CF /* MainMenuViewController.m */; };
		39A100AF1AA4EA0D0092F5CF /* menu.png in Resources */ = {isa = PBXBuildFile; fileRef = 39A100AD1AA4EA0D0092F5CF /* menu.png */; };
		39A100B01AA4EA0D0092F5CF /* menu@2x.png in Resources */ = {isa = PBXBuildFile; fileRef = 39A100AE1AA4EA0D0092F5CF /* menu@2x.png */; };
		39A100B31AA4F0A70092F5CF /* NavigationViewController.m in Sources */ = {isa = PBXBuildFile; fileRef = 39A100B21AA4F0A70092F5CF /* NavigationViewController.m */; };
		39A2BA201AB36F34001C905E /* Utility.m in Sources */ = {isa = PBXBuildFile; fileRef = 39A2BA1F1AB36F34001C905E /* Utility.m */; };
		39A3890B1AC11DCD009FA8B6 /* TwitterKit.framework in Frameworks */ = {isa = PBXBuildFile; fileRef = 39A389081AC11DCD009FA8B6 /* TwitterKit.framework */; };
		39A3890C1AC11DCD009FA8B6 /* TwitterKitResources.bundle in Resources */ = {isa = PBXBuildFile; fileRef = 39A389091AC11DCD009FA8B6 /* TwitterKitResources.bundle */; };
		39A3890D1AC11DCD009FA8B6 /* Fabric.framework in Frameworks */ = {isa = PBXBuildFile; fileRef = 39A3890A1AC11DCD009FA8B6 /* Fabric.framework */; };
		39A389101AC11E53009FA8B6 /* PlayerTwitterViewController.m in Sources */ = {isa = PBXBuildFile; fileRef = 39A3890F1AC11E53009FA8B6 /* PlayerTwitterViewController.m */; };
		39A389121AC1504F009FA8B6 /* PlayerCell.xib in Resources */ = {isa = PBXBuildFile; fileRef = 39A389111AC1504F009FA8B6 /* PlayerCell.xib */; };
		39A389151AC150FD009FA8B6 /* PlayerCell.m in Sources */ = {isa = PBXBuildFile; fileRef = 39A389141AC150FD009FA8B6 /* PlayerCell.m */; };
		39A3D23C1ABB6EDD00AC65E2 /* Article.m in Sources */ = {isa = PBXBuildFile; fileRef = 39A3D23B1ABB6EDD00AC65E2 /* Article.m */; };
		39A3D8DC1AB0D5D4006E9393 /* Player.m in Sources */ = {isa = PBXBuildFile; fileRef = 39A3D8DB1AB0D5D4006E9393 /* Player.m */; };
		39A3D8DF1AB0E4FD006E9393 /* PlayerSearchViewController.m in Sources */ = {isa = PBXBuildFile; fileRef = 39A3D8DE1AB0E4FD006E9393 /* PlayerSearchViewController.m */; };
		39A3D8E21AB0F871006E9393 /* PlayerSearchResultsViewController.m in Sources */ = {isa = PBXBuildFile; fileRef = 39A3D8E11AB0F871006E9393 /* PlayerSearchResultsViewController.m */; };
		39A7D2501AA25731005210F9 /* main.m in Sources */ = {isa = PBXBuildFile; fileRef = 39A7D24F1AA25731005210F9 /* main.m */; };
		39A7D2531AA25731005210F9 /* AppDelegate.m in Sources */ = {isa = PBXBuildFile; fileRef = 39A7D2521AA25731005210F9 /* AppDelegate.m */; };
		39A7D25B1AA25731005210F9 /* Images.xcassets in Resources */ = {isa = PBXBuildFile; fileRef = 39A7D25A1AA25731005210F9 /* Images.xcassets */; };
		39A7D25E1AA25731005210F9 /* LaunchScreen.xib in Resources */ = {isa = PBXBuildFile; fileRef = 39A7D25C1AA25731005210F9 /* LaunchScreen.xib */; };
		39A7D26A1AA25731005210F9 /* NBAPlayerTrackTests.m in Sources */ = {isa = PBXBuildFile; fileRef = 39A7D2691AA25731005210F9 /* NBAPlayerTrackTests.m */; };
		39A9CB451AC2446400C9CF3A /* PublicTwitterViewController.m in Sources */ = {isa = PBXBuildFile; fileRef = 39A9CB441AC2446400C9CF3A /* PublicTwitterViewController.m */; };
		39A9CB491AC26A1600C9CF3A /* Crowd.png in Resources */ = {isa = PBXBuildFile; fileRef = 39A9CB481AC26A1600C9CF3A /* Crowd.png */; };
		39AC2E021AB8ADCE0077D31E /* PlayerTabBarController.m in Sources */ = {isa = PBXBuildFile; fileRef = 39AC2E011AB8ADCE0077D31E /* PlayerTabBarController.m */; };
		39AC2E051AB8C8DA0077D31E /* PlayerNewsViewController.m in Sources */ = {isa = PBXBuildFile; fileRef = 39AC2E041AB8C8DA0077D31E /* PlayerNewsViewController.m */; };
		39B2E88F1BAE0775008B9E96 /* GraphNavigationController.m in Sources */ = {isa = PBXBuildFile; fileRef = 39B2E88E1BAE0775008B9E96 /* GraphNavigationController.m */; };
		39B2E8911BAE11EB008B9E96 /* Main.storyboard in Resources */ = {isa = PBXBuildFile; fileRef = 39B2E8901BAE11EB008B9E96 /* Main.storyboard */; };
		39B2E8941BB10213008B9E96 /* PlayerBioViewController.m in Sources */ = {isa = PBXBuildFile; fileRef = 39B2E8931BB10213008B9E96 /* PlayerBioViewController.m */; };
		39BA58141ABA7520007E5F9E /* ArticleViewController.m in Sources */ = {isa = PBXBuildFile; fileRef = 39BA58131ABA7520007E5F9E /* ArticleViewController.m */; };
		39F7499B1B881BB600C6889A /* PopupMenuViewController.m in Sources */ = {isa = PBXBuildFile; fileRef = 39F7499A1B881BB600C6889A /* PopupMenuViewController.m */; };
		39F7499D1B881BCF00C6889A /* behind_alert_view.png in Resources */ = {isa = PBXBuildFile; fileRef = 39F7499C1B881BCF00C6889A /* behind_alert_view.png */; };
		39F749A01B882C1F00C6889A /* PlayerCompareViewController.m in Sources */ = {isa = PBXBuildFile; fileRef = 39F7499F1B882C1F00C6889A /* PlayerCompareViewController.m */; };
/* End PBXBuildFile section */

/* Begin PBXContainerItemProxy section */
		39A7D2641AA25731005210F9 /* PBXContainerItemProxy */ = {
			isa = PBXContainerItemProxy;
			containerPortal = 39A7D2421AA25731005210F9 /* Project object */;
			proxyType = 1;
			remoteGlobalIDString = 39A7D2491AA25731005210F9;
			remoteInfo = NBAPlayerTrack;
		};
/* End PBXContainerItemProxy section */

/* Begin PBXFileReference section */
		390668551B9FF8F700B74228 /* ReferencesViewController.h */ = {isa = PBXFileReference; fileEncoding = 4; lastKnownFileType = sourcecode.c.h; path = ReferencesViewController.h; sourceTree = "<group>"; };
		390668561B9FF8F700B74228 /* ReferencesViewController.m */ = {isa = PBXFileReference; fileEncoding = 4; lastKnownFileType = sourcecode.c.objc; path = ReferencesViewController.m; sourceTree = "<group>"; };
		390668591B9FFDE900B74228 /* GraphMenuViewController.h */ = {isa = PBXFileReference; fileEncoding = 4; lastKnownFileType = sourcecode.c.h; path = GraphMenuViewController.h; sourceTree = "<group>"; };
		3906685A1B9FFDE900B74228 /* GraphMenuViewController.m */ = {isa = PBXFileReference; fileEncoding = 4; lastKnownFileType = sourcecode.c.objc; path = GraphMenuViewController.m; sourceTree = "<group>"; };
		3906685E1BA1F6D200B74228 /* CorePlot-CocoaTouch.h */ = {isa = PBXFileReference; fileEncoding = 4; lastKnownFileType = sourcecode.c.h; path = "CorePlot-CocoaTouch.h"; sourceTree = "<group>"; };
		3906685F1BA1F6D200B74228 /* CPTAnimation.h */ = {isa = PBXFileReference; fileEncoding = 4; lastKnownFileType = sourcecode.c.h; path = CPTAnimation.h; sourceTree = "<group>"; };
		390668601BA1F6D200B74228 /* CPTAnimationOperation.h */ = {isa = PBXFileReference; fileEncoding = 4; lastKnownFileType = sourcecode.c.h; path = CPTAnimationOperation.h; sourceTree = "<group>"; };
		390668611BA1F6D200B74228 /* CPTAnimationPeriod.h */ = {isa = PBXFileReference; fileEncoding = 4; lastKnownFileType = sourcecode.c.h; path = CPTAnimationPeriod.h; sourceTree = "<group>"; };
		390668621BA1F6D200B74228 /* CPTAnnotation.h */ = {isa = PBXFileReference; fileEncoding = 4; lastKnownFileType = sourcecode.c.h; path = CPTAnnotation.h; sourceTree = "<group>"; };
		390668631BA1F6D200B74228 /* CPTAnnotationHostLayer.h */ = {isa = PBXFileReference; fileEncoding = 4; lastKnownFileType = sourcecode.c.h; path = CPTAnnotationHostLayer.h; sourceTree = "<group>"; };
		390668641BA1F6D200B74228 /* CPTAxis.h */ = {isa = PBXFileReference; fileEncoding = 4; lastKnownFileType = sourcecode.c.h; path = CPTAxis.h; sourceTree = "<group>"; };
		390668651BA1F6D200B74228 /* CPTAxisLabel.h */ = {isa = PBXFileReference; fileEncoding = 4; lastKnownFileType = sourcecode.c.h; path = CPTAxisLabel.h; sourceTree = "<group>"; };
		390668661BA1F6D200B74228 /* CPTAxisLabelGroup.h */ = {isa = PBXFileReference; fileEncoding = 4; lastKnownFileType = sourcecode.c.h; path = CPTAxisLabelGroup.h; sourceTree = "<group>"; };
		390668671BA1F6D200B74228 /* CPTAxisSet.h */ = {isa = PBXFileReference; fileEncoding = 4; lastKnownFileType = sourcecode.c.h; path = CPTAxisSet.h; sourceTree = "<group>"; };
		390668681BA1F6D200B74228 /* CPTAxisTitle.h */ = {isa = PBXFileReference; fileEncoding = 4; lastKnownFileType = sourcecode.c.h; path = CPTAxisTitle.h; sourceTree = "<group>"; };
		390668691BA1F6D200B74228 /* CPTBarPlot.h */ = {isa = PBXFileReference; fileEncoding = 4; lastKnownFileType = sourcecode.c.h; path = CPTBarPlot.h; sourceTree = "<group>"; };
		3906686A1BA1F6D200B74228 /* CPTBorderedLayer.h */ = {isa = PBXFileReference; fileEncoding = 4; lastKnownFileType = sourcecode.c.h; path = CPTBorderedLayer.h; sourceTree = "<group>"; };
		3906686B1BA1F6D200B74228 /* CPTCalendarFormatter.h */ = {isa = PBXFileReference; fileEncoding = 4; lastKnownFileType = sourcecode.c.h; path = CPTCalendarFormatter.h; sourceTree = "<group>"; };
		3906686C1BA1F6D200B74228 /* CPTColor.h */ = {isa = PBXFileReference; fileEncoding = 4; lastKnownFileType = sourcecode.c.h; path = CPTColor.h; sourceTree = "<group>"; };
		3906686D1BA1F6D200B74228 /* CPTColorSpace.h */ = {isa = PBXFileReference; fileEncoding = 4; lastKnownFileType = sourcecode.c.h; path = CPTColorSpace.h; sourceTree = "<group>"; };
		3906686E1BA1F6D200B74228 /* CPTConstraints.h */ = {isa = PBXFileReference; fileEncoding = 4; lastKnownFileType = sourcecode.c.h; path = CPTConstraints.h; sourceTree = "<group>"; };
		3906686F1BA1F6D200B74228 /* CPTDataSourceTestCase.h */ = {isa = PBXFileReference; fileEncoding = 4; lastKnownFileType = sourcecode.c.h; path = CPTDataSourceTestCase.h; sourceTree = "<group>"; };
		390668701BA1F6D200B74228 /* CPTDefinitions.h */ = {isa = PBXFileReference; fileEncoding = 4; lastKnownFileType = sourcecode.c.h; path = CPTDefinitions.h; sourceTree = "<group>"; };
		390668711BA1F6D200B74228 /* CPTDerivedXYGraph.h */ = {isa = PBXFileReference; fileEncoding = 4; lastKnownFileType = sourcecode.c.h; path = CPTDerivedXYGraph.h; sourceTree = "<group>"; };
		390668721BA1F6D200B74228 /* CPTExceptions.h */ = {isa = PBXFileReference; fileEncoding = 4; lastKnownFileType = sourcecode.c.h; path = CPTExceptions.h; sourceTree = "<group>"; };
		390668731BA1F6D200B74228 /* CPTFill.h */ = {isa = PBXFileReference; fileEncoding = 4; lastKnownFileType = sourcecode.c.h; path = CPTFill.h; sourceTree = "<group>"; };
		390668741BA1F6D200B74228 /* CPTFunctionDataSource.h */ = {isa = PBXFileReference; fileEncoding = 4; lastKnownFileType = sourcecode.c.h; path = CPTFunctionDataSource.h; sourceTree = "<group>"; };
		390668751BA1F6D200B74228 /* CPTGradient.h */ = {isa = PBXFileReference; fileEncoding = 4; lastKnownFileType = sourcecode.c.h; path = CPTGradient.h; sourceTree = "<group>"; };
		390668761BA1F6D200B74228 /* CPTGraph.h */ = {isa = PBXFileReference; fileEncoding = 4; lastKnownFileType = sourcecode.c.h; path = CPTGraph.h; sourceTree = "<group>"; };
		390668771BA1F6D200B74228 /* CPTGraphHostingView.h */ = {isa = PBXFileReference; fileEncoding = 4; lastKnownFileType = sourcecode.c.h; path = CPTGraphHostingView.h; sourceTree = "<group>"; };
		390668781BA1F6D200B74228 /* CPTGridLineGroup.h */ = {isa = PBXFileReference; fileEncoding = 4; lastKnownFileType = sourcecode.c.h; path = CPTGridLineGroup.h; sourceTree = "<group>"; };
		390668791BA1F6D200B74228 /* CPTGridLines.h */ = {isa = PBXFileReference; fileEncoding = 4; lastKnownFileType = sourcecode.c.h; path = CPTGridLines.h; sourceTree = "<group>"; };
		3906687A1BA1F6D200B74228 /* CPTImage.h */ = {isa = PBXFileReference; fileEncoding = 4; lastKnownFileType = sourcecode.c.h; path = CPTImage.h; sourceTree = "<group>"; };
		3906687B1BA1F6D200B74228 /* CPTLayer.h */ = {isa = PBXFileReference; fileEncoding = 4; lastKnownFileType = sourcecode.c.h; path = CPTLayer.h; sourceTree = "<group>"; };
		3906687C1BA1F6D200B74228 /* CPTLayerAnnotation.h */ = {isa = PBXFileReference; fileEncoding = 4; lastKnownFileType = sourcecode.c.h; path = CPTLayerAnnotation.h; sourceTree = "<group>"; };
		3906687D1BA1F6D200B74228 /* CPTLegend.h */ = {isa = PBXFileReference; fileEncoding = 4; lastKnownFileType = sourcecode.c.h; path = CPTLegend.h; sourceTree = "<group>"; };
		3906687E1BA1F6D200B74228 /* CPTLegendEntry.h */ = {isa = PBXFileReference; fileEncoding = 4; lastKnownFileType = sourcecode.c.h; path = CPTLegendEntry.h; sourceTree = "<group>"; };
		3906687F1BA1F6D200B74228 /* CPTLimitBand.h */ = {isa = PBXFileReference; fileEncoding = 4; lastKnownFileType = sourcecode.c.h; path = CPTLimitBand.h; sourceTree = "<group>"; };
		390668801BA1F6D200B74228 /* CPTLineCap.h */ = {isa = PBXFileReference; fileEncoding = 4; lastKnownFileType = sourcecode.c.h; path = CPTLineCap.h; sourceTree = "<group>"; };
		390668811BA1F6D200B74228 /* CPTLineStyle.h */ = {isa = PBXFileReference; fileEncoding = 4; lastKnownFileType = sourcecode.c.h; path = CPTLineStyle.h; sourceTree = "<group>"; };
		390668821BA1F6D200B74228 /* CPTMutableLineStyle.h */ = {isa = PBXFileReference; fileEncoding = 4; lastKnownFileType = sourcecode.c.h; path = CPTMutableLineStyle.h; sourceTree = "<group>"; };
		390668831BA1F6D200B74228 /* CPTMutableNumericData+TypeConversion.h */ = {isa = PBXFileReference; fileEncoding = 4; lastKnownFileType = sourcecode.c.h; path = "CPTMutableNumericData+TypeConversion.h"; sourceTree = "<group>"; };
		390668841BA1F6D200B74228 /* CPTMutableNumericData.h */ = {isa = PBXFileReference; fileEncoding = 4; lastKnownFileType = sourcecode.c.h; path = CPTMutableNumericData.h; sourceTree = "<group>"; };
		390668851BA1F6D200B74228 /* CPTMutablePlotRange.h */ = {isa = PBXFileReference; fileEncoding = 4; lastKnownFileType = sourcecode.c.h; path = CPTMutablePlotRange.h; sourceTree = "<group>"; };
		390668861BA1F6D200B74228 /* CPTMutableShadow.h */ = {isa = PBXFileReference; fileEncoding = 4; lastKnownFileType = sourcecode.c.h; path = CPTMutableShadow.h; sourceTree = "<group>"; };
		390668871BA1F6D200B74228 /* CPTMutableTextStyle.h */ = {isa = PBXFileReference; fileEncoding = 4; lastKnownFileType = sourcecode.c.h; path = CPTMutableTextStyle.h; sourceTree = "<group>"; };
		390668881BA1F6D200B74228 /* CPTNumericData+TypeConversion.h */ = {isa = PBXFileReference; fileEncoding = 4; lastKnownFileType = sourcecode.c.h; path = "CPTNumericData+TypeConversion.h"; sourceTree = "<group>"; };
		390668891BA1F6D200B74228 /* CPTNumericData.h */ = {isa = PBXFileReference; fileEncoding = 4; lastKnownFileType = sourcecode.c.h; path = CPTNumericData.h; sourceTree = "<group>"; };
		3906688A1BA1F6D200B74228 /* CPTNumericDataType.h */ = {isa = PBXFileReference; fileEncoding = 4; lastKnownFileType = sourcecode.c.h; path = CPTNumericDataType.h; sourceTree = "<group>"; };
		3906688B1BA1F6D200B74228 /* CPTPathExtensions.h */ = {isa = PBXFileReference; fileEncoding = 4; lastKnownFileType = sourcecode.c.h; path = CPTPathExtensions.h; sourceTree = "<group>"; };
		3906688C1BA1F6D200B74228 /* CPTPieChart.h */ = {isa = PBXFileReference; fileEncoding = 4; lastKnownFileType = sourcecode.c.h; path = CPTPieChart.h; sourceTree = "<group>"; };
		3906688D1BA1F6D200B74228 /* CPTPlatformSpecificCategories.h */ = {isa = PBXFileReference; fileEncoding = 4; lastKnownFileType = sourcecode.c.h; path = CPTPlatformSpecificCategories.h; sourceTree = "<group>"; };
		3906688E1BA1F6D200B74228 /* CPTPlatformSpecificDefines.h */ = {isa = PBXFileReference; fileEncoding = 4; lastKnownFileType = sourcecode.c.h; path = CPTPlatformSpecificDefines.h; sourceTree = "<group>"; };
		3906688F1BA1F6D200B74228 /* CPTPlatformSpecificFunctions.h */ = {isa = PBXFileReference; fileEncoding = 4; lastKnownFileType = sourcecode.c.h; path = CPTPlatformSpecificFunctions.h; sourceTree = "<group>"; };
		390668901BA1F6D200B74228 /* CPTPlot.h */ = {isa = PBXFileReference; fileEncoding = 4; lastKnownFileType = sourcecode.c.h; path = CPTPlot.h; sourceTree = "<group>"; };
		390668911BA1F6D200B74228 /* CPTPlotArea.h */ = {isa = PBXFileReference; fileEncoding = 4; lastKnownFileType = sourcecode.c.h; path = CPTPlotArea.h; sourceTree = "<group>"; };
		390668921BA1F6D200B74228 /* CPTPlotAreaFrame.h */ = {isa = PBXFileReference; fileEncoding = 4; lastKnownFileType = sourcecode.c.h; path = CPTPlotAreaFrame.h; sourceTree = "<group>"; };
		390668931BA1F6D200B74228 /* CPTPlotGroup.h */ = {isa = PBXFileReference; fileEncoding = 4; lastKnownFileType = sourcecode.c.h; path = CPTPlotGroup.h; sourceTree = "<group>"; };
		390668941BA1F6D200B74228 /* CPTPlotRange.h */ = {isa = PBXFileReference; fileEncoding = 4; lastKnownFileType = sourcecode.c.h; path = CPTPlotRange.h; sourceTree = "<group>"; };
		390668951BA1F6D200B74228 /* CPTPlotSpace.h */ = {isa = PBXFileReference; fileEncoding = 4; lastKnownFileType = sourcecode.c.h; path = CPTPlotSpace.h; sourceTree = "<group>"; };
		390668961BA1F6D200B74228 /* CPTPlotSpaceAnnotation.h */ = {isa = PBXFileReference; fileEncoding = 4; lastKnownFileType = sourcecode.c.h; path = CPTPlotSpaceAnnotation.h; sourceTree = "<group>"; };
		390668971BA1F6D200B74228 /* CPTPlotSymbol.h */ = {isa = PBXFileReference; fileEncoding = 4; lastKnownFileType = sourcecode.c.h; path = CPTPlotSymbol.h; sourceTree = "<group>"; };
		390668981BA1F6D200B74228 /* CPTRangePlot.h */ = {isa = PBXFileReference; fileEncoding = 4; lastKnownFileType = sourcecode.c.h; path = CPTRangePlot.h; sourceTree = "<group>"; };
		390668991BA1F6D200B74228 /* CPTResponder.h */ = {isa = PBXFileReference; fileEncoding = 4; lastKnownFileType = sourcecode.c.h; path = CPTResponder.h; sourceTree = "<group>"; };
		3906689A1BA1F6D200B74228 /* CPTScatterPlot.h */ = {isa = PBXFileReference; fileEncoding = 4; lastKnownFileType = sourcecode.c.h; path = CPTScatterPlot.h; sourceTree = "<group>"; };
		3906689B1BA1F6D200B74228 /* CPTShadow.h */ = {isa = PBXFileReference; fileEncoding = 4; lastKnownFileType = sourcecode.c.h; path = CPTShadow.h; sourceTree = "<group>"; };
		3906689C1BA1F6D200B74228 /* CPTTestCase.h */ = {isa = PBXFileReference; fileEncoding = 4; lastKnownFileType = sourcecode.c.h; path = CPTTestCase.h; sourceTree = "<group>"; };
		3906689D1BA1F6D200B74228 /* CPTTextLayer.h */ = {isa = PBXFileReference; fileEncoding = 4; lastKnownFileType = sourcecode.c.h; path = CPTTextLayer.h; sourceTree = "<group>"; };
		3906689E1BA1F6D200B74228 /* CPTTextStyle.h */ = {isa = PBXFileReference; fileEncoding = 4; lastKnownFileType = sourcecode.c.h; path = CPTTextStyle.h; sourceTree = "<group>"; };
		3906689F1BA1F6D200B74228 /* CPTTextStylePlatformSpecific.h */ = {isa = PBXFileReference; fileEncoding = 4; lastKnownFileType = sourcecode.c.h; path = CPTTextStylePlatformSpecific.h; sourceTree = "<group>"; };
		390668A01BA1F6D200B74228 /* CPTTheme.h */ = {isa = PBXFileReference; fileEncoding = 4; lastKnownFileType = sourcecode.c.h; path = CPTTheme.h; sourceTree = "<group>"; };
		390668A11BA1F6D200B74228 /* CPTTimeFormatter.h */ = {isa = PBXFileReference; fileEncoding = 4; lastKnownFileType = sourcecode.c.h; path = CPTTimeFormatter.h; sourceTree = "<group>"; };
		390668A21BA1F6D200B74228 /* CPTTradingRangePlot.h */ = {isa = PBXFileReference; fileEncoding = 4; lastKnownFileType = sourcecode.c.h; path = CPTTradingRangePlot.h; sourceTree = "<group>"; };
		390668A31BA1F6D200B74228 /* CPTUtilities.h */ = {isa = PBXFileReference; fileEncoding = 4; lastKnownFileType = sourcecode.c.h; path = CPTUtilities.h; sourceTree = "<group>"; };
		390668A41BA1F6D200B74228 /* CPTXYAxis.h */ = {isa = PBXFileReference; fileEncoding = 4; lastKnownFileType = sourcecode.c.h; path = CPTXYAxis.h; sourceTree = "<group>"; };
		390668A51BA1F6D200B74228 /* CPTXYAxisSet.h */ = {isa = PBXFileReference; fileEncoding = 4; lastKnownFileType = sourcecode.c.h; path = CPTXYAxisSet.h; sourceTree = "<group>"; };
		390668A61BA1F6D200B74228 /* CPTXYGraph.h */ = {isa = PBXFileReference; fileEncoding = 4; lastKnownFileType = sourcecode.c.h; path = CPTXYGraph.h; sourceTree = "<group>"; };
		390668A71BA1F6D200B74228 /* CPTXYPlotSpace.h */ = {isa = PBXFileReference; fileEncoding = 4; lastKnownFileType = sourcecode.c.h; path = CPTXYPlotSpace.h; sourceTree = "<group>"; };
		390668A81BA1F6D200B74228 /* mainpage.h */ = {isa = PBXFileReference; fileEncoding = 4; lastKnownFileType = sourcecode.c.h; path = mainpage.h; sourceTree = "<group>"; };
		390668A91BA1F6D200B74228 /* NSCoderExtensions.h */ = {isa = PBXFileReference; fileEncoding = 4; lastKnownFileType = sourcecode.c.h; path = NSCoderExtensions.h; sourceTree = "<group>"; };
		390668AA1BA1F6D200B74228 /* NSDecimalNumberExtensions.h */ = {isa = PBXFileReference; fileEncoding = 4; lastKnownFileType = sourcecode.c.h; path = NSDecimalNumberExtensions.h; sourceTree = "<group>"; };
		390668AB1BA1F6D200B74228 /* NSNumberExtensions.h */ = {isa = PBXFileReference; fileEncoding = 4; lastKnownFileType = sourcecode.c.h; path = NSNumberExtensions.h; sourceTree = "<group>"; };
		390668AC1BA1F6D200B74228 /* libCorePlot-CocoaTouch.a */ = {isa = PBXFileReference; lastKnownFileType = archive.ar; path = "libCorePlot-CocoaTouch.a"; sourceTree = "<group>"; };
		390668AE1BA1F70D00B74228 /* QuartzCore.framework */ = {isa = PBXFileReference; lastKnownFileType = wrapper.framework; name = QuartzCore.framework; path = System/Library/Frameworks/QuartzCore.framework; sourceTree = SDKROOT; };
		390668B01BA1F71200B74228 /* Accelerate.framework */ = {isa = PBXFileReference; lastKnownFileType = wrapper.framework; name = Accelerate.framework; path = System/Library/Frameworks/Accelerate.framework; sourceTree = SDKROOT; };
		390668B21BA1F9A800B74228 /* BarGraphViewController.h */ = {isa = PBXFileReference; fileEncoding = 4; lastKnownFileType = sourcecode.c.h; path = BarGraphViewController.h; sourceTree = "<group>"; };
		390668B31BA1F9A800B74228 /* BarGraphViewController.m */ = {isa = PBXFileReference; fileEncoding = 4; lastKnownFileType = sourcecode.c.objc; path = BarGraphViewController.m; sourceTree = "<group>"; };
		3917D8411BA757AD00C72549 /* BarGraphDataInputViewController.h */ = {isa = PBXFileReference; fileEncoding = 4; lastKnownFileType = sourcecode.c.h; path = BarGraphDataInputViewController.h; sourceTree = "<group>"; };
		3917D8421BA757AD00C72549 /* BarGraphDataInputViewController.m */ = {isa = PBXFileReference; fileEncoding = 4; lastKnownFileType = sourcecode.c.objc; path = BarGraphDataInputViewController.m; sourceTree = "<group>"; };
		399F9B9F1B52514900DF89A0 /* PlayerInfoViewController.h */ = {isa = PBXFileReference; fileEncoding = 4; lastKnownFileType = sourcecode.c.h; name = PlayerInfoViewController.h; path = NBAPlayerTrack/PlayerInfoViewController.h; sourceTree = "<group>"; };
		399F9BA01B52514900DF89A0 /* PlayerInfoViewController.m */ = {isa = PBXFileReference; fileEncoding = 4; lastKnownFileType = sourcecode.c.objc; name = PlayerInfoViewController.m; path = NBAPlayerTrack/PlayerInfoViewController.m; sourceTree = "<group>"; };
		399F9BA21B525FBE00DF89A0 /* PlayerStatsViewController.h */ = {isa = PBXFileReference; fileEncoding = 4; lastKnownFileType = sourcecode.c.h; name = PlayerStatsViewController.h; path = NBAPlayerTrack/PlayerStatsViewController.h; sourceTree = "<group>"; };
		399F9BA31B525FBE00DF89A0 /* PlayerStatsViewController.m */ = {isa = PBXFileReference; fileEncoding = 4; lastKnownFileType = sourcecode.c.objc; name = PlayerStatsViewController.m; path = NBAPlayerTrack/PlayerStatsViewController.m; sourceTree = "<group>"; };
		39A100A71AA4E4340092F5CF /* SWRevealViewController.h */ = {isa = PBXFileReference; fileEncoding = 4; lastKnownFileType = sourcecode.c.h; path = SWRevealViewController.h; sourceTree = "<group>"; };
		39A100A81AA4E4340092F5CF /* SWRevealViewController.m */ = {isa = PBXFileReference; fileEncoding = 4; lastKnownFileType = sourcecode.c.objc; path = SWRevealViewController.m; sourceTree = "<group>"; };
		39A100AA1AA4E5B40092F5CF /* MainMenuViewController.h */ = {isa = PBXFileReference; fileEncoding = 4; lastKnownFileType = sourcecode.c.h; name = MainMenuViewController.h; path = ../MainMenuViewController.h; sourceTree = "<group>"; };
		39A100AB1AA4E5B40092F5CF /* MainMenuViewController.m */ = {isa = PBXFileReference; fileEncoding = 4; lastKnownFileType = sourcecode.c.objc; name = MainMenuViewController.m; path = ../MainMenuViewController.m; sourceTree = "<group>"; };
		39A100AD1AA4EA0D0092F5CF /* menu.png */ = {isa = PBXFileReference; lastKnownFileType = image.png; path = menu.png; sourceTree = "<group>"; };
		39A100AE1AA4EA0D0092F5CF /* menu@2x.png */ = {isa = PBXFileReference; lastKnownFileType = image.png; path = "menu@2x.png"; sourceTree = "<group>"; };
		39A100B11AA4F0A70092F5CF /* NavigationViewController.h */ = {isa = PBXFileReference; fileEncoding = 4; lastKnownFileType = sourcecode.c.h; path = NavigationViewController.h; sourceTree = "<group>"; };
		39A100B21AA4F0A70092F5CF /* NavigationViewController.m */ = {isa = PBXFileReference; fileEncoding = 4; lastKnownFileType = sourcecode.c.objc; path = NavigationViewController.m; sourceTree = "<group>"; };
		39A2BA1E1AB36F34001C905E /* Utility.h */ = {isa = PBXFileReference; fileEncoding = 4; lastKnownFileType = sourcecode.c.h; name = Utility.h; path = ../Utility.h; sourceTree = "<group>"; };
		39A2BA1F1AB36F34001C905E /* Utility.m */ = {isa = PBXFileReference; fileEncoding = 4; lastKnownFileType = sourcecode.c.objc; name = Utility.m; path = ../Utility.m; sourceTree = "<group>"; };
		39A389081AC11DCD009FA8B6 /* TwitterKit.framework */ = {isa = PBXFileReference; lastKnownFileType = wrapper.framework; path = TwitterKit.framework; sourceTree = SOURCE_ROOT; };
		39A389091AC11DCD009FA8B6 /* TwitterKitResources.bundle */ = {isa = PBXFileReference; lastKnownFileType = "wrapper.plug-in"; name = TwitterKitResources.bundle; path = TwitterKit.framework/Versions/A/Resources/TwitterKitResources.bundle; sourceTree = SOURCE_ROOT; };
		39A3890A1AC11DCD009FA8B6 /* Fabric.framework */ = {isa = PBXFileReference; lastKnownFileType = wrapper.framework; path = Fabric.framework; sourceTree = SOURCE_ROOT; };
		39A3890E1AC11E53009FA8B6 /* PlayerTwitterViewController.h */ = {isa = PBXFileReference; fileEncoding = 4; lastKnownFileType = sourcecode.c.h; name = PlayerTwitterViewController.h; path = NBAPlayerTrack/PlayerTwitterViewController.h; sourceTree = "<group>"; };
		39A3890F1AC11E53009FA8B6 /* PlayerTwitterViewController.m */ = {isa = PBXFileReference; fileEncoding = 4; lastKnownFileType = sourcecode.c.objc; name = PlayerTwitterViewController.m; path = NBAPlayerTrack/PlayerTwitterViewController.m; sourceTree = "<group>"; };
		39A389111AC1504F009FA8B6 /* PlayerCell.xib */ = {isa = PBXFileReference; fileEncoding = 4; lastKnownFileType = file.xib; path = PlayerCell.xib; sourceTree = "<group>"; };
		39A389131AC150FD009FA8B6 /* PlayerCell.h */ = {isa = PBXFileReference; fileEncoding = 4; lastKnownFileType = sourcecode.c.h; path = PlayerCell.h; sourceTree = "<group>"; };
		39A389141AC150FD009FA8B6 /* PlayerCell.m */ = {isa = PBXFileReference; fileEncoding = 4; lastKnownFileType = sourcecode.c.objc; path = PlayerCell.m; sourceTree = "<group>"; };
		39A3D23A1ABB6EDD00AC65E2 /* Article.h */ = {isa = PBXFileReference; fileEncoding = 4; lastKnownFileType = sourcecode.c.h; name = Article.h; path = NBAPlayerTrack/Article.h; sourceTree = "<group>"; };
		39A3D23B1ABB6EDD00AC65E2 /* Article.m */ = {isa = PBXFileReference; fileEncoding = 4; lastKnownFileType = sourcecode.c.objc; name = Article.m; path = NBAPlayerTrack/Article.m; sourceTree = "<group>"; };
		39A3D8DA1AB0D5D4006E9393 /* Player.h */ = {isa = PBXFileReference; fileEncoding = 4; lastKnownFileType = sourcecode.c.h; path = Player.h; sourceTree = "<group>"; };
		39A3D8DB1AB0D5D4006E9393 /* Player.m */ = {isa = PBXFileReference; fileEncoding = 4; lastKnownFileType = sourcecode.c.objc; path = Player.m; sourceTree = "<group>"; };
		39A3D8DD1AB0E4FD006E9393 /* PlayerSearchViewController.h */ = {isa = PBXFileReference; fileEncoding = 4; lastKnownFileType = sourcecode.c.h; path = PlayerSearchViewController.h; sourceTree = "<group>"; };
		39A3D8DE1AB0E4FD006E9393 /* PlayerSearchViewController.m */ = {isa = PBXFileReference; fileEncoding = 4; lastKnownFileType = sourcecode.c.objc; path = PlayerSearchViewController.m; sourceTree = "<group>"; };
		39A3D8E01AB0F871006E9393 /* PlayerSearchResultsViewController.h */ = {isa = PBXFileReference; fileEncoding = 4; lastKnownFileType = sourcecode.c.h; path = PlayerSearchResultsViewController.h; sourceTree = "<group>"; };
		39A3D8E11AB0F871006E9393 /* PlayerSearchResultsViewController.m */ = {isa = PBXFileReference; fileEncoding = 4; lastKnownFileType = sourcecode.c.objc; path = PlayerSearchResultsViewController.m; sourceTree = "<group>"; };
		39A7D24A1AA25731005210F9 /* NBAPlayerTrack.app */ = {isa = PBXFileReference; explicitFileType = wrapper.application; includeInIndex = 0; path = NBAPlayerTrack.app; sourceTree = BUILT_PRODUCTS_DIR; };
		39A7D24E1AA25731005210F9 /* Info.plist */ = {isa = PBXFileReference; lastKnownFileType = text.plist.xml; path = Info.plist; sourceTree = "<group>"; };
		39A7D24F1AA25731005210F9 /* main.m */ = {isa = PBXFileReference; lastKnownFileType = sourcecode.c.objc; path = main.m; sourceTree = "<group>"; };
		39A7D2511AA25731005210F9 /* AppDelegate.h */ = {isa = PBXFileReference; lastKnownFileType = sourcecode.c.h; path = AppDelegate.h; sourceTree = "<group>"; };
		39A7D2521AA25731005210F9 /* AppDelegate.m */ = {isa = PBXFileReference; lastKnownFileType = sourcecode.c.objc; path = AppDelegate.m; sourceTree = "<group>"; };
		39A7D25A1AA25731005210F9 /* Images.xcassets */ = {isa = PBXFileReference; lastKnownFileType = folder.assetcatalog; path = Images.xcassets; sourceTree = "<group>"; };
		39A7D25D1AA25731005210F9 /* Base */ = {isa = PBXFileReference; lastKnownFileType = file.xib; name = Base; path = Base.lproj/LaunchScreen.xib; sourceTree = "<group>"; };
		39A7D2631AA25731005210F9 /* NBAPlayerTrackTests.xctest */ = {isa = PBXFileReference; explicitFileType = wrapper.cfbundle; includeInIndex = 0; path = NBAPlayerTrackTests.xctest; sourceTree = BUILT_PRODUCTS_DIR; };
		39A7D2681AA25731005210F9 /* Info.plist */ = {isa = PBXFileReference; lastKnownFileType = text.plist.xml; path = Info.plist; sourceTree = "<group>"; };
		39A7D2691AA25731005210F9 /* NBAPlayerTrackTests.m */ = {isa = PBXFileReference; lastKnownFileType = sourcecode.c.objc; path = NBAPlayerTrackTests.m; sourceTree = "<group>"; };
		39A9CB431AC2446400C9CF3A /* PublicTwitterViewController.h */ = {isa = PBXFileReference; fileEncoding = 4; lastKnownFileType = sourcecode.c.h; name = PublicTwitterViewController.h; path = NBAPlayerTrack/PublicTwitterViewController.h; sourceTree = "<group>"; };
		39A9CB441AC2446400C9CF3A /* PublicTwitterViewController.m */ = {isa = PBXFileReference; fileEncoding = 4; lastKnownFileType = sourcecode.c.objc; name = PublicTwitterViewController.m; path = NBAPlayerTrack/PublicTwitterViewController.m; sourceTree = "<group>"; };
		39A9CB481AC26A1600C9CF3A /* Crowd.png */ = {isa = PBXFileReference; lastKnownFileType = image.png; path = Crowd.png; sourceTree = "<group>"; };
		39AC2E001AB8ADCE0077D31E /* PlayerTabBarController.h */ = {isa = PBXFileReference; fileEncoding = 4; lastKnownFileType = sourcecode.c.h; path = PlayerTabBarController.h; sourceTree = "<group>"; };
		39AC2E011AB8ADCE0077D31E /* PlayerTabBarController.m */ = {isa = PBXFileReference; fileEncoding = 4; lastKnownFileType = sourcecode.c.objc; path = PlayerTabBarController.m; sourceTree = "<group>"; };
		39AC2E031AB8C8DA0077D31E /* PlayerNewsViewController.h */ = {isa = PBXFileReference; fileEncoding = 4; lastKnownFileType = sourcecode.c.h; name = PlayerNewsViewController.h; path = NBAPlayerTrack/PlayerNewsViewController.h; sourceTree = "<group>"; };
		39AC2E041AB8C8DA0077D31E /* PlayerNewsViewController.m */ = {isa = PBXFileReference; fileEncoding = 4; lastKnownFileType = sourcecode.c.objc; name = PlayerNewsViewController.m; path = NBAPlayerTrack/PlayerNewsViewController.m; sourceTree = "<group>"; };
		39B2E88D1BAE0775008B9E96 /* GraphNavigationController.h */ = {isa = PBXFileReference; fileEncoding = 4; lastKnownFileType = sourcecode.c.h; path = GraphNavigationController.h; sourceTree = "<group>"; };
		39B2E88E1BAE0775008B9E96 /* GraphNavigationController.m */ = {isa = PBXFileReference; fileEncoding = 4; lastKnownFileType = sourcecode.c.objc; path = GraphNavigationController.m; sourceTree = "<group>"; };
		39B2E8901BAE11EB008B9E96 /* Main.storyboard */ = {isa = PBXFileReference; fileEncoding = 4; lastKnownFileType = file.storyboard; path = Main.storyboard; sourceTree = "<group>"; };
		39B2E8921BB10213008B9E96 /* PlayerBioViewController.h */ = {isa = PBXFileReference; fileEncoding = 4; lastKnownFileType = sourcecode.c.h; path = PlayerBioViewController.h; sourceTree = "<group>"; };
		39B2E8931BB10213008B9E96 /* PlayerBioViewController.m */ = {isa = PBXFileReference; fileEncoding = 4; lastKnownFileType = sourcecode.c.objc; path = PlayerBioViewController.m; sourceTree = "<group>"; };
		39BA58121ABA7520007E5F9E /* ArticleViewController.h */ = {isa = PBXFileReference; fileEncoding = 4; lastKnownFileType = sourcecode.c.h; name = ArticleViewController.h; path = NBAPlayerTrack/ArticleViewController.h; sourceTree = "<group>"; };
		39BA58131ABA7520007E5F9E /* ArticleViewController.m */ = {isa = PBXFileReference; fileEncoding = 4; lastKnownFileType = sourcecode.c.objc; name = ArticleViewController.m; path = NBAPlayerTrack/ArticleViewController.m; sourceTree = "<group>"; };
		39F749991B881BB600C6889A /* PopupMenuViewController.h */ = {isa = PBXFileReference; fileEncoding = 4; lastKnownFileType = sourcecode.c.h; path = PopupMenuViewController.h; sourceTree = "<group>"; };
		39F7499A1B881BB600C6889A /* PopupMenuViewController.m */ = {isa = PBXFileReference; fileEncoding = 4; lastKnownFileType = sourcecode.c.objc; path = PopupMenuViewController.m; sourceTree = "<group>"; };
		39F7499C1B881BCF00C6889A /* behind_alert_view.png */ = {isa = PBXFileReference; lastKnownFileType = image.png; path = behind_alert_view.png; sourceTree = "<group>"; };
		39F7499E1B882C1F00C6889A /* PlayerCompareViewController.h */ = {isa = PBXFileReference; fileEncoding = 4; lastKnownFileType = sourcecode.c.h; path = PlayerCompareViewController.h; sourceTree = "<group>"; };
		39F7499F1B882C1F00C6889A /* PlayerCompareViewController.m */ = {isa = PBXFileReference; fileEncoding = 4; lastKnownFileType = sourcecode.c.objc; path = PlayerCompareViewController.m; sourceTree = "<group>"; };
/* End PBXFileReference section */

/* Begin PBXFrameworksBuildPhase section */
		39A7D2471AA25731005210F9 /* Frameworks */ = {
			isa = PBXFrameworksBuildPhase;
			buildActionMask = 2147483647;
			files = (
				390668B11BA1F71200B74228 /* Accelerate.framework in Frameworks */,
				390668AF1BA1F70D00B74228 /* QuartzCore.framework in Frameworks */,
				39A3890B1AC11DCD009FA8B6 /* TwitterKit.framework in Frameworks */,
				39A3890D1AC11DCD009FA8B6 /* Fabric.framework in Frameworks */,
				390668AD1BA1F6D200B74228 /* libCorePlot-CocoaTouch.a in Frameworks */,
			);
			runOnlyForDeploymentPostprocessing = 0;
		};
		39A7D2601AA25731005210F9 /* Frameworks */ = {
			isa = PBXFrameworksBuildPhase;
			buildActionMask = 2147483647;
			files = (
			);
			runOnlyForDeploymentPostprocessing = 0;
		};
/* End PBXFrameworksBuildPhase section */

/* Begin PBXGroup section */
		390668581B9FFDD900B74228 /* Graphs */ = {
			isa = PBXGroup;
			children = (
				390668591B9FFDE900B74228 /* GraphMenuViewController.h */,
				3906685A1B9FFDE900B74228 /* GraphMenuViewController.m */,
				390668B21BA1F9A800B74228 /* BarGraphViewController.h */,
				390668B31BA1F9A800B74228 /* BarGraphViewController.m */,
				3917D8411BA757AD00C72549 /* BarGraphDataInputViewController.h */,
				3917D8421BA757AD00C72549 /* BarGraphDataInputViewController.m */,
				39B2E88D1BAE0775008B9E96 /* GraphNavigationController.h */,
				39B2E88E1BAE0775008B9E96 /* GraphNavigationController.m */,
			);
			name = Graphs;
			sourceTree = "<group>";
		};
		3906685C1BA1F6A400B74228 /* Core Plot */ = {
			isa = PBXGroup;
			children = (
				3906685D1BA1F6D200B74228 /* CorePlotHeaders */,
				390668AC1BA1F6D200B74228 /* libCorePlot-CocoaTouch.a */,
			);
			name = "Core Plot";
			sourceTree = "<group>";
		};
		3906685D1BA1F6D200B74228 /* CorePlotHeaders */ = {
			isa = PBXGroup;
			children = (
				3906685E1BA1F6D200B74228 /* CorePlot-CocoaTouch.h */,
				3906685F1BA1F6D200B74228 /* CPTAnimation.h */,
				390668601BA1F6D200B74228 /* CPTAnimationOperation.h */,
				390668611BA1F6D200B74228 /* CPTAnimationPeriod.h */,
				390668621BA1F6D200B74228 /* CPTAnnotation.h */,
				390668631BA1F6D200B74228 /* CPTAnnotationHostLayer.h */,
				390668641BA1F6D200B74228 /* CPTAxis.h */,
				390668651BA1F6D200B74228 /* CPTAxisLabel.h */,
				390668661BA1F6D200B74228 /* CPTAxisLabelGroup.h */,
				390668671BA1F6D200B74228 /* CPTAxisSet.h */,
				390668681BA1F6D200B74228 /* CPTAxisTitle.h */,
				390668691BA1F6D200B74228 /* CPTBarPlot.h */,
				3906686A1BA1F6D200B74228 /* CPTBorderedLayer.h */,
				3906686B1BA1F6D200B74228 /* CPTCalendarFormatter.h */,
				3906686C1BA1F6D200B74228 /* CPTColor.h */,
				3906686D1BA1F6D200B74228 /* CPTColorSpace.h */,
				3906686E1BA1F6D200B74228 /* CPTConstraints.h */,
				3906686F1BA1F6D200B74228 /* CPTDataSourceTestCase.h */,
				390668701BA1F6D200B74228 /* CPTDefinitions.h */,
				390668711BA1F6D200B74228 /* CPTDerivedXYGraph.h */,
				390668721BA1F6D200B74228 /* CPTExceptions.h */,
				390668731BA1F6D200B74228 /* CPTFill.h */,
				390668741BA1F6D200B74228 /* CPTFunctionDataSource.h */,
				390668751BA1F6D200B74228 /* CPTGradient.h */,
				390668761BA1F6D200B74228 /* CPTGraph.h */,
				390668771BA1F6D200B74228 /* CPTGraphHostingView.h */,
				390668781BA1F6D200B74228 /* CPTGridLineGroup.h */,
				390668791BA1F6D200B74228 /* CPTGridLines.h */,
				3906687A1BA1F6D200B74228 /* CPTImage.h */,
				3906687B1BA1F6D200B74228 /* CPTLayer.h */,
				3906687C1BA1F6D200B74228 /* CPTLayerAnnotation.h */,
				3906687D1BA1F6D200B74228 /* CPTLegend.h */,
				3906687E1BA1F6D200B74228 /* CPTLegendEntry.h */,
				3906687F1BA1F6D200B74228 /* CPTLimitBand.h */,
				390668801BA1F6D200B74228 /* CPTLineCap.h */,
				390668811BA1F6D200B74228 /* CPTLineStyle.h */,
				390668821BA1F6D200B74228 /* CPTMutableLineStyle.h */,
				390668831BA1F6D200B74228 /* CPTMutableNumericData+TypeConversion.h */,
				390668841BA1F6D200B74228 /* CPTMutableNumericData.h */,
				390668851BA1F6D200B74228 /* CPTMutablePlotRange.h */,
				390668861BA1F6D200B74228 /* CPTMutableShadow.h */,
				390668871BA1F6D200B74228 /* CPTMutableTextStyle.h */,
				390668881BA1F6D200B74228 /* CPTNumericData+TypeConversion.h */,
				390668891BA1F6D200B74228 /* CPTNumericData.h */,
				3906688A1BA1F6D200B74228 /* CPTNumericDataType.h */,
				3906688B1BA1F6D200B74228 /* CPTPathExtensions.h */,
				3906688C1BA1F6D200B74228 /* CPTPieChart.h */,
				3906688D1BA1F6D200B74228 /* CPTPlatformSpecificCategories.h */,
				3906688E1BA1F6D200B74228 /* CPTPlatformSpecificDefines.h */,
				3906688F1BA1F6D200B74228 /* CPTPlatformSpecificFunctions.h */,
				390668901BA1F6D200B74228 /* CPTPlot.h */,
				390668911BA1F6D200B74228 /* CPTPlotArea.h */,
				390668921BA1F6D200B74228 /* CPTPlotAreaFrame.h */,
				390668931BA1F6D200B74228 /* CPTPlotGroup.h */,
				390668941BA1F6D200B74228 /* CPTPlotRange.h */,
				390668951BA1F6D200B74228 /* CPTPlotSpace.h */,
				390668961BA1F6D200B74228 /* CPTPlotSpaceAnnotation.h */,
				390668971BA1F6D200B74228 /* CPTPlotSymbol.h */,
				390668981BA1F6D200B74228 /* CPTRangePlot.h */,
				390668991BA1F6D200B74228 /* CPTResponder.h */,
				3906689A1BA1F6D200B74228 /* CPTScatterPlot.h */,
				3906689B1BA1F6D200B74228 /* CPTShadow.h */,
				3906689C1BA1F6D200B74228 /* CPTTestCase.h */,
				3906689D1BA1F6D200B74228 /* CPTTextLayer.h */,
				3906689E1BA1F6D200B74228 /* CPTTextStyle.h */,
				3906689F1BA1F6D200B74228 /* CPTTextStylePlatformSpecific.h */,
				390668A01BA1F6D200B74228 /* CPTTheme.h */,
				390668A11BA1F6D200B74228 /* CPTTimeFormatter.h */,
				390668A21BA1F6D200B74228 /* CPTTradingRangePlot.h */,
				390668A31BA1F6D200B74228 /* CPTUtilities.h */,
				390668A41BA1F6D200B74228 /* CPTXYAxis.h */,
				390668A51BA1F6D200B74228 /* CPTXYAxisSet.h */,
				390668A61BA1F6D200B74228 /* CPTXYGraph.h */,
				390668A71BA1F6D200B74228 /* CPTXYPlotSpace.h */,
				390668A81BA1F6D200B74228 /* mainpage.h */,
				390668A91BA1F6D200B74228 /* NSCoderExtensions.h */,
				390668AA1BA1F6D200B74228 /* NSDecimalNumberExtensions.h */,
				390668AB1BA1F6D200B74228 /* NSNumberExtensions.h */,
			);
			path = CorePlotHeaders;
			sourceTree = "<group>";
		};
		399F9BA51B7E8EDF00DF89A0 /* Twitter */ = {
			isa = PBXGroup;
			children = (
				39A389081AC11DCD009FA8B6 /* TwitterKit.framework */,
				39A389091AC11DCD009FA8B6 /* TwitterKitResources.bundle */,
				39A3890A1AC11DCD009FA8B6 /* Fabric.framework */,
				39A3890E1AC11E53009FA8B6 /* PlayerTwitterViewController.h */,
				39A3890F1AC11E53009FA8B6 /* PlayerTwitterViewController.m */,
				39A9CB431AC2446400C9CF3A /* PublicTwitterViewController.h */,
				39A9CB441AC2446400C9CF3A /* PublicTwitterViewController.m */,
			);
			name = Twitter;
			path = ..;
			sourceTree = "<group>";
		};
		399F9BA61B7E8F1600DF89A0 /* Stats View */ = {
			isa = PBXGroup;
			children = (
				399F9B9F1B52514900DF89A0 /* PlayerInfoViewController.h */,
				399F9BA01B52514900DF89A0 /* PlayerInfoViewController.m */,
				399F9BA21B525FBE00DF89A0 /* PlayerStatsViewController.h */,
				399F9BA31B525FBE00DF89A0 /* PlayerStatsViewController.m */,
				39B2E8921BB10213008B9E96 /* PlayerBioViewController.h */,
				39B2E8931BB10213008B9E96 /* PlayerBioViewController.m */,
			);
			name = "Stats View";
			path = ..;
			sourceTree = "<group>";
		};
		399F9BA71B7E8F3C00DF89A0 /* Player News */ = {
			isa = PBXGroup;
			children = (
				39A3D23A1ABB6EDD00AC65E2 /* Article.h */,
				39A3D23B1ABB6EDD00AC65E2 /* Article.m */,
				39BA58121ABA7520007E5F9E /* ArticleViewController.h */,
				39BA58131ABA7520007E5F9E /* ArticleViewController.m */,
				39AC2E031AB8C8DA0077D31E /* PlayerNewsViewController.h */,
				39AC2E041AB8C8DA0077D31E /* PlayerNewsViewController.m */,
			);
			name = "Player News";
			path = ..;
			sourceTree = "<group>";
		};
		39A100A61AA4E4340092F5CF /* SWRevealViewController */ = {
			isa = PBXGroup;
			children = (
				39A100A71AA4E4340092F5CF /* SWRevealViewController.h */,
				39A100A81AA4E4340092F5CF /* SWRevealViewController.m */,
			);
			path = SWRevealViewController;
			sourceTree = "<group>";
		};
		39A7D2411AA25731005210F9 = {
			isa = PBXGroup;
			children = (
				390668B01BA1F71200B74228 /* Accelerate.framework */,
				390668AE1BA1F70D00B74228 /* QuartzCore.framework */,
				39A7D24C1AA25731005210F9 /* NBAPlayerTrack */,
				39A7D2661AA25731005210F9 /* NBAPlayerTrackTests */,
				39A7D24B1AA25731005210F9 /* Products */,
			);
			sourceTree = "<group>";
		};
		39A7D24B1AA25731005210F9 /* Products */ = {
			isa = PBXGroup;
			children = (
				39A7D24A1AA25731005210F9 /* NBAPlayerTrack.app */,
				39A7D2631AA25731005210F9 /* NBAPlayerTrackTests.xctest */,
			);
			name = Products;
			sourceTree = "<group>";
		};
		39A7D24C1AA25731005210F9 /* NBAPlayerTrack */ = {
			isa = PBXGroup;
			children = (
				3906685C1BA1F6A400B74228 /* Core Plot */,
				390668581B9FFDD900B74228 /* Graphs */,
				39F749A11B88378B00C6889A /* Player Search */,
				399F9BA71B7E8F3C00DF89A0 /* Player News */,
				399F9BA61B7E8F1600DF89A0 /* Stats View */,
				399F9BA51B7E8EDF00DF89A0 /* Twitter */,
				39A100A61AA4E4340092F5CF /* SWRevealViewController */,
				39A7D2511AA25731005210F9 /* AppDelegate.h */,
				39A7D2521AA25731005210F9 /* AppDelegate.m */,
				39A3D8DA1AB0D5D4006E9393 /* Player.h */,
				39A3D8DB1AB0D5D4006E9393 /* Player.m */,
				39A100AA1AA4E5B40092F5CF /* MainMenuViewController.h */,
				39A100AB1AA4E5B40092F5CF /* MainMenuViewController.m */,
				39A100B11AA4F0A70092F5CF /* NavigationViewController.h */,
				39A100B21AA4F0A70092F5CF /* NavigationViewController.m */,
				39F7499E1B882C1F00C6889A /* PlayerCompareViewController.h */,
				39F7499F1B882C1F00C6889A /* PlayerCompareViewController.m */,
				39A389111AC1504F009FA8B6 /* PlayerCell.xib */,
				39B2E8901BAE11EB008B9E96 /* Main.storyboard */,
				39A389131AC150FD009FA8B6 /* PlayerCell.h */,
				39A389141AC150FD009FA8B6 /* PlayerCell.m */,
				39AC2E001AB8ADCE0077D31E /* PlayerTabBarController.h */,
				39AC2E011AB8ADCE0077D31E /* PlayerTabBarController.m */,
				39A2BA1E1AB36F34001C905E /* Utility.h */,
				39A2BA1F1AB36F34001C905E /* Utility.m */,
				39F749991B881BB600C6889A /* PopupMenuViewController.h */,
				39F7499A1B881BB600C6889A /* PopupMenuViewController.m */,
				390668551B9FF8F700B74228 /* ReferencesViewController.h */,
				390668561B9FF8F700B74228 /* ReferencesViewController.m */,
				39A7D25A1AA25731005210F9 /* Images.xcassets */,
				39A7D25C1AA25731005210F9 /* LaunchScreen.xib */,
				39A7D24D1AA25731005210F9 /* Supporting Files */,
			);
			path = NBAPlayerTrack;
			sourceTree = "<group>";
		};
		39A7D24D1AA25731005210F9 /* Supporting Files */ = {
			isa = PBXGroup;
			children = (
				39A9CB481AC26A1600C9CF3A /* Crowd.png */,
				39A100AD1AA4EA0D0092F5CF /* menu.png */,
				39A100AE1AA4EA0D0092F5CF /* menu@2x.png */,
				39A7D24E1AA25731005210F9 /* Info.plist */,
				39A7D24F1AA25731005210F9 /* main.m */,
				39F7499C1B881BCF00C6889A /* behind_alert_view.png */,
			);
			name = "Supporting Files";
			sourceTree = "<group>";
		};
		39A7D2661AA25731005210F9 /* NBAPlayerTrackTests */ = {
			isa = PBXGroup;
			children = (
				39A7D2691AA25731005210F9 /* NBAPlayerTrackTests.m */,
				39A7D2671AA25731005210F9 /* Supporting Files */,
			);
			path = NBAPlayerTrackTests;
			sourceTree = "<group>";
		};
		39A7D2671AA25731005210F9 /* Supporting Files */ = {
			isa = PBXGroup;
			children = (
				39A7D2681AA25731005210F9 /* Info.plist */,
			);
			name = "Supporting Files";
			sourceTree = "<group>";
		};
		39F749A11B88378B00C6889A /* Player Search */ = {
			isa = PBXGroup;
			children = (
				39A3D8DD1AB0E4FD006E9393 /* PlayerSearchViewController.h */,
				39A3D8DE1AB0E4FD006E9393 /* PlayerSearchViewController.m */,
				39A3D8E01AB0F871006E9393 /* PlayerSearchResultsViewController.h */,
				39A3D8E11AB0F871006E9393 /* PlayerSearchResultsViewController.m */,
			);
			name = "Player Search";
			sourceTree = "<group>";
		};
/* End PBXGroup section */

/* Begin PBXNativeTarget section */
		39A7D2491AA25731005210F9 /* NBAPlayerTrack */ = {
			isa = PBXNativeTarget;
			buildConfigurationList = 39A7D26D1AA25731005210F9 /* Build configuration list for PBXNativeTarget "NBAPlayerTrack" */;
			buildPhases = (
				39A7D2461AA25731005210F9 /* Sources */,
				39A7D2471AA25731005210F9 /* Frameworks */,
				39A7D2481AA25731005210F9 /* Resources */,
				39B1EFEE1AC0C6ED004922BE /* ShellScript */,
			);
			buildRules = (
			);
			dependencies = (
			);
			name = NBAPlayerTrack;
			productName = NBAPlayerTrack;
			productReference = 39A7D24A1AA25731005210F9 /* NBAPlayerTrack.app */;
			productType = "com.apple.product-type.application";
		};
		39A7D2621AA25731005210F9 /* NBAPlayerTrackTests */ = {
			isa = PBXNativeTarget;
			buildConfigurationList = 39A7D2701AA25731005210F9 /* Build configuration list for PBXNativeTarget "NBAPlayerTrackTests" */;
			buildPhases = (
				39A7D25F1AA25731005210F9 /* Sources */,
				39A7D2601AA25731005210F9 /* Frameworks */,
				39A7D2611AA25731005210F9 /* Resources */,
			);
			buildRules = (
			);
			dependencies = (
				39A7D2651AA25731005210F9 /* PBXTargetDependency */,
			);
			name = NBAPlayerTrackTests;
			productName = NBAPlayerTrackTests;
			productReference = 39A7D2631AA25731005210F9 /* NBAPlayerTrackTests.xctest */;
			productType = "com.apple.product-type.bundle.unit-test";
		};
/* End PBXNativeTarget section */

/* Begin PBXProject section */
		39A7D2421AA25731005210F9 /* Project object */ = {
			isa = PBXProject;
			attributes = {
				LastUpgradeCheck = 0610;
				ORGANIZATIONNAME = "___Sethia___";
				TargetAttributes = {
					39A7D2491AA25731005210F9 = {
						CreatedOnToolsVersion = 6.1;
						DevelopmentTeam = BWSLUFSJRA;
					};
					39A7D2621AA25731005210F9 = {
						CreatedOnToolsVersion = 6.1;
						TestTargetID = 39A7D2491AA25731005210F9;
					};
				};
			};
			buildConfigurationList = 39A7D2451AA25731005210F9 /* Build configuration list for PBXProject "NBAPlayerTrack" */;
			compatibilityVersion = "Xcode 3.2";
			developmentRegion = English;
			hasScannedForEncodings = 0;
			knownRegions = (
				en,
				Base,
			);
			mainGroup = 39A7D2411AA25731005210F9;
			productRefGroup = 39A7D24B1AA25731005210F9 /* Products */;
			projectDirPath = "";
			projectRoot = "";
			targets = (
				39A7D2491AA25731005210F9 /* NBAPlayerTrack */,
				39A7D2621AA25731005210F9 /* NBAPlayerTrackTests */,
			);
		};
/* End PBXProject section */

/* Begin PBXResourcesBuildPhase section */
		39A7D2481AA25731005210F9 /* Resources */ = {
			isa = PBXResourcesBuildPhase;
			buildActionMask = 2147483647;
			files = (
				39F7499D1B881BCF00C6889A /* behind_alert_view.png in Resources */,
				39A100AF1AA4EA0D0092F5CF /* menu.png in Resources */,
				39A100B01AA4EA0D0092F5CF /* menu@2x.png in Resources */,
				39A9CB491AC26A1600C9CF3A /* Crowd.png in Resources */,
				39A389121AC1504F009FA8B6 /* PlayerCell.xib in Resources */,
				39A7D25E1AA25731005210F9 /* LaunchScreen.xib in Resources */,
				39B2E8911BAE11EB008B9E96 /* Main.storyboard in Resources */,
				39A3890C1AC11DCD009FA8B6 /* TwitterKitResources.bundle in Resources */,
				39A7D25B1AA25731005210F9 /* Images.xcassets in Resources */,
			);
			runOnlyForDeploymentPostprocessing = 0;
		};
		39A7D2611AA25731005210F9 /* Resources */ = {
			isa = PBXResourcesBuildPhase;
			buildActionMask = 2147483647;
			files = (
			);
			runOnlyForDeploymentPostprocessing = 0;
		};
/* End PBXResourcesBuildPhase section */

/* Begin PBXShellScriptBuildPhase section */
		39B1EFEE1AC0C6ED004922BE /* ShellScript */ = {
			isa = PBXShellScriptBuildPhase;
			buildActionMask = 2147483647;
			files = (
			);
			inputPaths = (
			);
			outputPaths = (
			);
			runOnlyForDeploymentPostprocessing = 0;
			shellPath = /bin/sh;
			shellScript = "./Fabric.framework/run 4f1a09fe723f1b64b1e1099c827b2d68ffc34f6b f97d7f9cf7e2330e2a0a96ce29405e4422dd07a004f4578d9c072635f610a8b6";
		};
/* End PBXShellScriptBuildPhase section */

/* Begin PBXSourcesBuildPhase section */
		39A7D2461AA25731005210F9 /* Sources */ = {
			isa = PBXSourcesBuildPhase;
			buildActionMask = 2147483647;
			files = (
				39A100AC1AA4E5B40092F5CF /* MainMenuViewController.m in Sources */,
				39A3D8DF1AB0E4FD006E9393 /* PlayerSearchViewController.m in Sources */,
				39B2E8941BB10213008B9E96 /* PlayerBioViewController.m in Sources */,
				39A3D8E21AB0F871006E9393 /* PlayerSearchResultsViewController.m in Sources */,
				39A7D2531AA25731005210F9 /* AppDelegate.m in Sources */,
				39F7499B1B881BB600C6889A /* PopupMenuViewController.m in Sources */,
				390668B41BA1F9A800B74228 /* BarGraphViewController.m in Sources */,
				39AC2E021AB8ADCE0077D31E /* PlayerTabBarController.m in Sources */,
				39A389101AC11E53009FA8B6 /* PlayerTwitterViewController.m in Sources */,
				39F749A01B882C1F00C6889A /* PlayerCompareViewController.m in Sources */,
				39A3D23C1ABB6EDD00AC65E2 /* Article.m in Sources */,
				39BA58141ABA7520007E5F9E /* ArticleViewController.m in Sources */,
				39A2BA201AB36F34001C905E /* Utility.m in Sources */,
				390668571B9FF8F700B74228 /* ReferencesViewController.m in Sources */,
				39A9CB451AC2446400C9CF3A /* PublicTwitterViewController.m in Sources */,
				39A100B31AA4F0A70092F5CF /* NavigationViewController.m in Sources */,
				39A7D2501AA25731005210F9 /* main.m in Sources */,
				39A3D8DC1AB0D5D4006E9393 /* Player.m in Sources */,
				3906685B1B9FFDE900B74228 /* GraphMenuViewController.m in Sources */,
				399F9BA11B52514A00DF89A0 /* PlayerInfoViewController.m in Sources */,
				39AC2E051AB8C8DA0077D31E /* PlayerNewsViewController.m in Sources */,
				3917D8431BA757AD00C72549 /* BarGraphDataInputViewController.m in Sources */,
				399F9BA41B525FBE00DF89A0 /* PlayerStatsViewController.m in Sources */,
				39A389151AC150FD009FA8B6 /* PlayerCell.m in Sources */,
				39A100A91AA4E4340092F5CF /* SWRevealViewController.m in Sources */,
				39B2E88F1BAE0775008B9E96 /* GraphNavigationController.m in Sources */,
			);
			runOnlyForDeploymentPostprocessing = 0;
		};
		39A7D25F1AA25731005210F9 /* Sources */ = {
			isa = PBXSourcesBuildPhase;
			buildActionMask = 2147483647;
			files = (
				39A7D26A1AA25731005210F9 /* NBAPlayerTrackTests.m in Sources */,
			);
			runOnlyForDeploymentPostprocessing = 0;
		};
/* End PBXSourcesBuildPhase section */

/* Begin PBXTargetDependency section */
		39A7D2651AA25731005210F9 /* PBXTargetDependency */ = {
			isa = PBXTargetDependency;
			target = 39A7D2491AA25731005210F9 /* NBAPlayerTrack */;
			targetProxy = 39A7D2641AA25731005210F9 /* PBXContainerItemProxy */;
		};
/* End PBXTargetDependency section */

/* Begin PBXVariantGroup section */
		39A7D25C1AA25731005210F9 /* LaunchScreen.xib */ = {
			isa = PBXVariantGroup;
			children = (
				39A7D25D1AA25731005210F9 /* Base */,
			);
			name = LaunchScreen.xib;
			sourceTree = "<group>";
		};
/* End PBXVariantGroup section */

/* Begin XCBuildConfiguration section */
		39A7D26B1AA25731005210F9 /* Debug */ = {
			isa = XCBuildConfiguration;
			buildSettings = {
				ALWAYS_SEARCH_USER_PATHS = NO;
				CLANG_CXX_LANGUAGE_STANDARD = "gnu++0x";
				CLANG_CXX_LIBRARY = "libc++";
				CLANG_ENABLE_MODULES = YES;
				CLANG_ENABLE_OBJC_ARC = YES;
				CLANG_WARN_BOOL_CONVERSION = YES;
				CLANG_WARN_CONSTANT_CONVERSION = YES;
				CLANG_WARN_DIRECT_OBJC_ISA_USAGE = YES_ERROR;
				CLANG_WARN_EMPTY_BODY = YES;
				CLANG_WARN_ENUM_CONVERSION = YES;
				CLANG_WARN_INT_CONVERSION = YES;
				CLANG_WARN_OBJC_ROOT_CLASS = YES_ERROR;
				CLANG_WARN_UNREACHABLE_CODE = YES;
				CLANG_WARN__DUPLICATE_METHOD_MATCH = YES;
				"CODE_SIGN_IDENTITY[sdk=iphoneos*]" = "iPhone Developer";
				COPY_PHASE_STRIP = NO;
				ENABLE_STRICT_OBJC_MSGSEND = YES;
				GCC_C_LANGUAGE_STANDARD = gnu99;
				GCC_DYNAMIC_NO_PIC = NO;
				GCC_OPTIMIZATION_LEVEL = 0;
				GCC_PREPROCESSOR_DEFINITIONS = (
					"DEBUG=1",
					"$(inherited)",
				);
				GCC_SYMBOLS_PRIVATE_EXTERN = NO;
				GCC_WARN_64_TO_32_BIT_CONVERSION = YES;
				GCC_WARN_ABOUT_RETURN_TYPE = YES_ERROR;
				GCC_WARN_UNDECLARED_SELECTOR = YES;
				GCC_WARN_UNINITIALIZED_AUTOS = YES_AGGRESSIVE;
				GCC_WARN_UNUSED_FUNCTION = YES;
				GCC_WARN_UNUSED_VARIABLE = YES;
				IPHONEOS_DEPLOYMENT_TARGET = 8.1;
				MTL_ENABLE_DEBUG_INFO = YES;
				ONLY_ACTIVE_ARCH = YES;
				SDKROOT = iphoneos;
			};
			name = Debug;
		};
		39A7D26C1AA25731005210F9 /* Release */ = {
			isa = XCBuildConfiguration;
			buildSettings = {
				ALWAYS_SEARCH_USER_PATHS = NO;
				CLANG_CXX_LANGUAGE_STANDARD = "gnu++0x";
				CLANG_CXX_LIBRARY = "libc++";
				CLANG_ENABLE_MODULES = YES;
				CLANG_ENABLE_OBJC_ARC = YES;
				CLANG_WARN_BOOL_CONVERSION = YES;
				CLANG_WARN_CONSTANT_CONVERSION = YES;
				CLANG_WARN_DIRECT_OBJC_ISA_USAGE = YES_ERROR;
				CLANG_WARN_EMPTY_BODY = YES;
				CLANG_WARN_ENUM_CONVERSION = YES;
				CLANG_WARN_INT_CONVERSION = YES;
				CLANG_WARN_OBJC_ROOT_CLASS = YES_ERROR;
				CLANG_WARN_UNREACHABLE_CODE = YES;
				CLANG_WARN__DUPLICATE_METHOD_MATCH = YES;
				"CODE_SIGN_IDENTITY[sdk=iphoneos*]" = "iPhone Developer";
				COPY_PHASE_STRIP = YES;
				ENABLE_NS_ASSERTIONS = NO;
				ENABLE_STRICT_OBJC_MSGSEND = YES;
				GCC_C_LANGUAGE_STANDARD = gnu99;
				GCC_WARN_64_TO_32_BIT_CONVERSION = YES;
				GCC_WARN_ABOUT_RETURN_TYPE = YES_ERROR;
				GCC_WARN_UNDECLARED_SELECTOR = YES;
				GCC_WARN_UNINITIALIZED_AUTOS = YES_AGGRESSIVE;
				GCC_WARN_UNUSED_FUNCTION = YES;
				GCC_WARN_UNUSED_VARIABLE = YES;
				IPHONEOS_DEPLOYMENT_TARGET = 8.1;
				MTL_ENABLE_DEBUG_INFO = NO;
				SDKROOT = iphoneos;
				VALIDATE_PRODUCT = YES;
			};
			name = Release;
		};
		39A7D26E1AA25731005210F9 /* Debug */ = {
			isa = XCBuildConfiguration;
			buildSettings = {
				ASSETCATALOG_COMPILER_APPICON_NAME = AppIcon;
				FRAMEWORK_SEARCH_PATHS = (
					"$(inherited)",
					"$(PROJECT_DIR)",
				);
				HEADER_SEARCH_PATHS = (
					"$(inherited)",
					/Applications/Xcode.app/Contents/Developer/Toolchains/XcodeDefault.xctoolchain/usr/include,
					/usr/include/libxml2,
				);
				INFOPLIST_FILE = NBAPlayerTrack/Info.plist;
				IPHONEOS_DEPLOYMENT_TARGET = 8.2;
				LD_RUNPATH_SEARCH_PATHS = "$(inherited) @executable_path/Frameworks";
				LIBRARY_SEARCH_PATHS = (
					"$(inherited)",
					"$(PROJECT_DIR)/NBAPlayerTrack",
				);
				OTHER_LDFLAGS = (
					"-lxml2",
					"-ObjC",
				);
				PRODUCT_NAME = "$(TARGET_NAME)";
				TARGETED_DEVICE_FAMILY = 1;
			};
			name = Debug;
		};
		39A7D26F1AA25731005210F9 /* Release */ = {
			isa = XCBuildConfiguration;
			buildSettings = {
				ASSETCATALOG_COMPILER_APPICON_NAME = AppIcon;
				FRAMEWORK_SEARCH_PATHS = (
					"$(inherited)",
					"$(PROJECT_DIR)",
				);
				HEADER_SEARCH_PATHS = (
					"$(inherited)",
					/Applications/Xcode.app/Contents/Developer/Toolchains/XcodeDefault.xctoolchain/usr/include,
					/usr/include/libxml2,
				);
				INFOPLIST_FILE = NBAPlayerTrack/Info.plist;
				IPHONEOS_DEPLOYMENT_TARGET = 8.2;
				LD_RUNPATH_SEARCH_PATHS = "$(inherited) @executable_path/Frameworks";
				LIBRARY_SEARCH_PATHS = (
					"$(inherited)",
					"$(PROJECT_DIR)/NBAPlayerTrack",
				);
				OTHER_LDFLAGS = (
					"-lxml2",
					"-ObjC",
				);
				PRODUCT_NAME = "$(TARGET_NAME)";
				TARGETED_DEVICE_FAMILY = 1;
			};
			name = Release;
		};
		39A7D2711AA25731005210F9 /* Debug */ = {
			isa = XCBuildConfiguration;
			buildSettings = {
				BUNDLE_LOADER = "$(TEST_HOST)";
				FRAMEWORK_SEARCH_PATHS = (
					"$(SDKROOT)/Developer/Library/Frameworks",
					"$(inherited)",
				);
				GCC_PREPROCESSOR_DEFINITIONS = (
					"DEBUG=1",
					"$(inherited)",
				);
				INFOPLIST_FILE = NBAPlayerTrackTests/Info.plist;
				LD_RUNPATH_SEARCH_PATHS = "$(inherited) @executable_path/Frameworks @loader_path/Frameworks";
				PRODUCT_NAME = "$(TARGET_NAME)";
				TEST_HOST = "$(BUILT_PRODUCTS_DIR)/NBAPlayerTrack.app/NBAPlayerTrack";
			};
			name = Debug;
		};
		39A7D2721AA25731005210F9 /* Release */ = {
			isa = XCBuildConfiguration;
			buildSettings = {
				BUNDLE_LOADER = "$(TEST_HOST)";
				FRAMEWORK_SEARCH_PATHS = (
					"$(SDKROOT)/Developer/Library/Frameworks",
					"$(inherited)",
				);
				INFOPLIST_FILE = NBAPlayerTrackTests/Info.plist;
				LD_RUNPATH_SEARCH_PATHS = "$(inherited) @executable_path/Frameworks @loader_path/Frameworks";
				PRODUCT_NAME = "$(TARGET_NAME)";
				TEST_HOST = "$(BUILT_PRODUCTS_DIR)/NBAPlayerTrack.app/NBAPlayerTrack";
			};
			name = Release;
		};
/* End XCBuildConfiguration section */

/* Begin XCConfigurationList section */
		39A7D2451AA25731005210F9 /* Build configuration list for PBXProject "NBAPlayerTrack" */ = {
			isa = XCConfigurationList;
			buildConfigurations = (
				39A7D26B1AA25731005210F9 /* Debug */,
				39A7D26C1AA25731005210F9 /* Release */,
			);
			defaultConfigurationIsVisible = 0;
			defaultConfigurationName = Release;
		};
		39A7D26D1AA25731005210F9 /* Build configuration list for PBXNativeTarget "NBAPlayerTrack" */ = {
			isa = XCConfigurationList;
			buildConfigurations = (
				39A7D26E1AA25731005210F9 /* Debug */,
				39A7D26F1AA25731005210F9 /* Release */,
			);
			defaultConfigurationIsVisible = 0;
			defaultConfigurationName = Release;
		};
		39A7D2701AA25731005210F9 /* Build configuration list for PBXNativeTarget "NBAPlayerTrackTests" */ = {
			isa = XCConfigurationList;
			buildConfigurations = (
				39A7D2711AA25731005210F9 /* Debug */,
				39A7D2721AA25731005210F9 /* Release */,
			);
			defaultConfigurationIsVisible = 0;
			defaultConfigurationName = Release;
		};
/* End XCConfigurationList section */
	};
	rootObject = 39A7D2421AA25731005210F9 /* Project object */;
}
