// !$*UTF8*$!
{
	archiveVersion = 1;
	classes = {
	};
	objectVersion = 46;
	objects = {

/* Begin PBXBuildFile section */
		39A100A91AA4E4340092F5CF /* SWRevealViewController.m in Sources */ = {isa = PBXBuildFile; fileRef = 39A100A81AA4E4340092F5CF /* SWRevealViewController.m */; };
		39A100AC1AA4E5B40092F5CF /* MainMenuViewController.m in Sources */ = {isa = PBXBuildFile; fileRef = 39A100AB1AA4E5B40092F5CF /* MainMenuViewController.m */; };
		39A100AF1AA4EA0D0092F5CF /* menu.png in Resources */ = {isa = PBXBuildFile; fileRef = 39A100AD1AA4EA0D0092F5CF /* menu.png */; };
		39A100B01AA4EA0D0092F5CF /* menu@2x.png in Resources */ = {isa = PBXBuildFile; fileRef = 39A100AE1AA4EA0D0092F5CF /* menu@2x.png */; };
		39A100B31AA4F0A70092F5CF /* NavigationViewController.m in Sources */ = {isa = PBXBuildFile; fileRef = 39A100B21AA4F0A70092F5CF /* NavigationViewController.m */; };
		39A2BA201AB36F34001C905E /* Utility.m in Sources */ = {isa = PBXBuildFile; fileRef = 39A2BA1F1AB36F34001C905E /* Utility.m */; };
		39A3890B1AC11DCD009FA8B6 /* TwitterKit.framework in Frameworks */ = {isa = PBXBuildFile; fileRef = 39A389081AC11DCD009FA8B6 /* TwitterKit.framework */; };
		39A3890C1AC11DCD009FA8B6 /* TwitterKitResources.bundle in Resources */ = {isa = PBXBuildFile; fileRef = 39A389091AC11DCD009FA8B6 /* TwitterKitResources.bundle */; };
		39A3890D1AC11DCD009FA8B6 /* Fabric.framework in Frameworks */ = {isa = PBXBuildFile; fileRef = 39A3890A1AC11DCD009FA8B6 /* Fabric.framework */; };
		39A389101AC11E53009FA8B6 /* PlayerTwitterViewController.m in Sources */ = {isa = PBXBuildFile; fileRef = 39A3890F1AC11E53009FA8B6 /* PlayerTwitterViewController.m */; };
		39A389121AC1504F009FA8B6 /* PlayerCell.xib in Resources */ = {isa = PBXBuildFile; fileRef = 39A389111AC1504F009FA8B6 /* PlayerCell.xib */; };
		39A389151AC150FD009FA8B6 /* PlayerCell.m in Sources */ = {isa = PBXBuildFile; fileRef = 39A389141AC150FD009FA8B6 /* PlayerCell.m */; };
		39A3D23C1ABB6EDD00AC65E2 /* Article.m in Sources */ = {isa = PBXBuildFile; fileRef = 39A3D23B1ABB6EDD00AC65E2 /* Article.m */; };
		39A3D8DC1AB0D5D4006E9393 /* Player.m in Sources */ = {isa = PBXBuildFile; fileRef = 39A3D8DB1AB0D5D4006E9393 /* Player.m */; };
		39A3D8DF1AB0E4FD006E9393 /* PlayerSearchViewController.m in Sources */ = {isa = PBXBuildFile; fileRef = 39A3D8DE1AB0E4FD006E9393 /* PlayerSearchViewController.m */; };
		39A3D8E21AB0F871006E9393 /* PlayerSearchResultsViewController.m in Sources */ = {isa = PBXBuildFile; fileRef = 39A3D8E11AB0F871006E9393 /* PlayerSearchResultsViewController.m */; };
		39A7D2501AA25731005210F9 /* main.m in Sources */ = {isa = PBXBuildFile; fileRef = 39A7D24F1AA25731005210F9 /* main.m */; };
		39A7D2531AA25731005210F9 /* AppDelegate.m in Sources */ = {isa = PBXBuildFile; fileRef = 39A7D2521AA25731005210F9 /* AppDelegate.m */; };
		39A7D2591AA25731005210F9 /* Main.storyboard in Resources */ = {isa = PBXBuildFile; fileRef = 39A7D2571AA25731005210F9 /* Main.storyboard */; };
		39A7D25B1AA25731005210F9 /* Images.xcassets in Resources */ = {isa = PBXBuildFile; fileRef = 39A7D25A1AA25731005210F9 /* Images.xcassets */; };
		39A7D25E1AA25731005210F9 /* LaunchScreen.xib in Resources */ = {isa = PBXBuildFile; fileRef = 39A7D25C1AA25731005210F9 /* LaunchScreen.xib */; };
		39A7D26A1AA25731005210F9 /* NBAPlayerTrackTests.m in Sources */ = {isa = PBXBuildFile; fileRef = 39A7D2691AA25731005210F9 /* NBAPlayerTrackTests.m */; };
		39AC2E021AB8ADCE0077D31E /* PlayerTabBarController.m in Sources */ = {isa = PBXBuildFile; fileRef = 39AC2E011AB8ADCE0077D31E /* PlayerTabBarController.m */; };
		39AC2E051AB8C8DA0077D31E /* PlayerNewsViewController.m in Sources */ = {isa = PBXBuildFile; fileRef = 39AC2E041AB8C8DA0077D31E /* PlayerNewsViewController.m */; };
		39BA58141ABA7520007E5F9E /* ArticleViewController.m in Sources */ = {isa = PBXBuildFile; fileRef = 39BA58131ABA7520007E5F9E /* ArticleViewController.m */; };
/* End PBXBuildFile section */

/* Begin PBXContainerItemProxy section */
		39A7D2641AA25731005210F9 /* PBXContainerItemProxy */ = {
			isa = PBXContainerItemProxy;
			containerPortal = 39A7D2421AA25731005210F9 /* Project object */;
			proxyType = 1;
			remoteGlobalIDString = 39A7D2491AA25731005210F9;
			remoteInfo = NBAPlayerTrack;
		};
/* End PBXContainerItemProxy section */

/* Begin PBXFileReference section */
		39A100A71AA4E4340092F5CF /* SWRevealViewController.h */ = {isa = PBXFileReference; fileEncoding = 4; lastKnownFileType = sourcecode.c.h; path = SWRevealViewController.h; sourceTree = "<group>"; };
		39A100A81AA4E4340092F5CF /* SWRevealViewController.m */ = {isa = PBXFileReference; fileEncoding = 4; lastKnownFileType = sourcecode.c.objc; path = SWRevealViewController.m; sourceTree = "<group>"; };
		39A100AA1AA4E5B40092F5CF /* MainMenuViewController.h */ = {isa = PBXFileReference; fileEncoding = 4; lastKnownFileType = sourcecode.c.h; name = MainMenuViewController.h; path = ../MainMenuViewController.h; sourceTree = "<group>"; };
		39A100AB1AA4E5B40092F5CF /* MainMenuViewController.m */ = {isa = PBXFileReference; fileEncoding = 4; lastKnownFileType = sourcecode.c.objc; name = MainMenuViewController.m; path = ../MainMenuViewController.m; sourceTree = "<group>"; };
		39A100AD1AA4EA0D0092F5CF /* menu.png */ = {isa = PBXFileReference; lastKnownFileType = image.png; path = menu.png; sourceTree = "<group>"; };
		39A100AE1AA4EA0D0092F5CF /* menu@2x.png */ = {isa = PBXFileReference; lastKnownFileType = image.png; path = "menu@2x.png"; sourceTree = "<group>"; };
		39A100B11AA4F0A70092F5CF /* NavigationViewController.h */ = {isa = PBXFileReference; fileEncoding = 4; lastKnownFileType = sourcecode.c.h; path = NavigationViewController.h; sourceTree = "<group>"; };
		39A100B21AA4F0A70092F5CF /* NavigationViewController.m */ = {isa = PBXFileReference; fileEncoding = 4; lastKnownFileType = sourcecode.c.objc; path = NavigationViewController.m; sourceTree = "<group>"; };
		39A2BA1E1AB36F34001C905E /* Utility.h */ = {isa = PBXFileReference; fileEncoding = 4; lastKnownFileType = sourcecode.c.h; name = Utility.h; path = ../Utility.h; sourceTree = "<group>"; };
		39A2BA1F1AB36F34001C905E /* Utility.m */ = {isa = PBXFileReference; fileEncoding = 4; lastKnownFileType = sourcecode.c.objc; name = Utility.m; path = ../Utility.m; sourceTree = "<group>"; };
		39A389081AC11DCD009FA8B6 /* TwitterKit.framework */ = {isa = PBXFileReference; lastKnownFileType = wrapper.framework; path = TwitterKit.framework; sourceTree = SOURCE_ROOT; };
		39A389091AC11DCD009FA8B6 /* TwitterKitResources.bundle */ = {isa = PBXFileReference; lastKnownFileType = "wrapper.plug-in"; name = TwitterKitResources.bundle; path = TwitterKit.framework/Versions/A/Resources/TwitterKitResources.bundle; sourceTree = SOURCE_ROOT; };
		39A3890A1AC11DCD009FA8B6 /* Fabric.framework */ = {isa = PBXFileReference; lastKnownFileType = wrapper.framework; path = Fabric.framework; sourceTree = SOURCE_ROOT; };
		39A3890E1AC11E53009FA8B6 /* PlayerTwitterViewController.h */ = {isa = PBXFileReference; fileEncoding = 4; lastKnownFileType = sourcecode.c.h; path = PlayerTwitterViewController.h; sourceTree = "<group>"; };
		39A3890F1AC11E53009FA8B6 /* PlayerTwitterViewController.m */ = {isa = PBXFileReference; fileEncoding = 4; lastKnownFileType = sourcecode.c.objc; path = PlayerTwitterViewController.m; sourceTree = "<group>"; };
		39A389111AC1504F009FA8B6 /* PlayerCell.xib */ = {isa = PBXFileReference; fileEncoding = 4; lastKnownFileType = file.xib; path = PlayerCell.xib; sourceTree = "<group>"; };
		39A389131AC150FD009FA8B6 /* PlayerCell.h */ = {isa = PBXFileReference; fileEncoding = 4; lastKnownFileType = sourcecode.c.h; path = PlayerCell.h; sourceTree = "<group>"; };
		39A389141AC150FD009FA8B6 /* PlayerCell.m */ = {isa = PBXFileReference; fileEncoding = 4; lastKnownFileType = sourcecode.c.objc; path = PlayerCell.m; sourceTree = "<group>"; };
		39A3D23A1ABB6EDD00AC65E2 /* Article.h */ = {isa = PBXFileReference; fileEncoding = 4; lastKnownFileType = sourcecode.c.h; path = Article.h; sourceTree = "<group>"; };
		39A3D23B1ABB6EDD00AC65E2 /* Article.m */ = {isa = PBXFileReference; fileEncoding = 4; lastKnownFileType = sourcecode.c.objc; path = Article.m; sourceTree = "<group>"; };
		39A3D8DA1AB0D5D4006E9393 /* Player.h */ = {isa = PBXFileReference; fileEncoding = 4; lastKnownFileType = sourcecode.c.h; path = Player.h; sourceTree = "<group>"; };
		39A3D8DB1AB0D5D4006E9393 /* Player.m */ = {isa = PBXFileReference; fileEncoding = 4; lastKnownFileType = sourcecode.c.objc; path = Player.m; sourceTree = "<group>"; };
		39A3D8DD1AB0E4FD006E9393 /* PlayerSearchViewController.h */ = {isa = PBXFileReference; fileEncoding = 4; lastKnownFileType = sourcecode.c.h; path = PlayerSearchViewController.h; sourceTree = "<group>"; };
		39A3D8DE1AB0E4FD006E9393 /* PlayerSearchViewController.m */ = {isa = PBXFileReference; fileEncoding = 4; lastKnownFileType = sourcecode.c.objc; path = PlayerSearchViewController.m; sourceTree = "<group>"; };
		39A3D8E01AB0F871006E9393 /* PlayerSearchResultsViewController.h */ = {isa = PBXFileReference; fileEncoding = 4; lastKnownFileType = sourcecode.c.h; path = PlayerSearchResultsViewController.h; sourceTree = "<group>"; };
		39A3D8E11AB0F871006E9393 /* PlayerSearchResultsViewController.m */ = {isa = PBXFileReference; fileEncoding = 4; lastKnownFileType = sourcecode.c.objc; path = PlayerSearchResultsViewController.m; sourceTree = "<group>"; };
		39A7D24A1AA25731005210F9 /* NBAPlayerTrack.app */ = {isa = PBXFileReference; explicitFileType = wrapper.application; includeInIndex = 0; path = NBAPlayerTrack.app; sourceTree = BUILT_PRODUCTS_DIR; };
		39A7D24E1AA25731005210F9 /* Info.plist */ = {isa = PBXFileReference; lastKnownFileType = text.plist.xml; path = Info.plist; sourceTree = "<group>"; };
		39A7D24F1AA25731005210F9 /* main.m */ = {isa = PBXFileReference; lastKnownFileType = sourcecode.c.objc; path = main.m; sourceTree = "<group>"; };
		39A7D2511AA25731005210F9 /* AppDelegate.h */ = {isa = PBXFileReference; lastKnownFileType = sourcecode.c.h; path = AppDelegate.h; sourceTree = "<group>"; };
		39A7D2521AA25731005210F9 /* AppDelegate.m */ = {isa = PBXFileReference; lastKnownFileType = sourcecode.c.objc; path = AppDelegate.m; sourceTree = "<group>"; };
		39A7D2581AA25731005210F9 /* Base */ = {isa = PBXFileReference; lastKnownFileType = file.storyboard; name = Base; path = Base.lproj/Main.storyboard; sourceTree = "<group>"; };
		39A7D25A1AA25731005210F9 /* Images.xcassets */ = {isa = PBXFileReference; lastKnownFileType = folder.assetcatalog; path = Images.xcassets; sourceTree = "<group>"; };
		39A7D25D1AA25731005210F9 /* Base */ = {isa = PBXFileReference; lastKnownFileType = file.xib; name = Base; path = Base.lproj/LaunchScreen.xib; sourceTree = "<group>"; };
		39A7D2631AA25731005210F9 /* NBAPlayerTrackTests.xctest */ = {isa = PBXFileReference; explicitFileType = wrapper.cfbundle; includeInIndex = 0; path = NBAPlayerTrackTests.xctest; sourceTree = BUILT_PRODUCTS_DIR; };
		39A7D2681AA25731005210F9 /* Info.plist */ = {isa = PBXFileReference; lastKnownFileType = text.plist.xml; path = Info.plist; sourceTree = "<group>"; };
		39A7D2691AA25731005210F9 /* NBAPlayerTrackTests.m */ = {isa = PBXFileReference; lastKnownFileType = sourcecode.c.objc; path = NBAPlayerTrackTests.m; sourceTree = "<group>"; };
		39AC2E001AB8ADCE0077D31E /* PlayerTabBarController.h */ = {isa = PBXFileReference; fileEncoding = 4; lastKnownFileType = sourcecode.c.h; path = PlayerTabBarController.h; sourceTree = "<group>"; };
		39AC2E011AB8ADCE0077D31E /* PlayerTabBarController.m */ = {isa = PBXFileReference; fileEncoding = 4; lastKnownFileType = sourcecode.c.objc; path = PlayerTabBarController.m; sourceTree = "<group>"; };
		39AC2E031AB8C8DA0077D31E /* PlayerNewsViewController.h */ = {isa = PBXFileReference; fileEncoding = 4; lastKnownFileType = sourcecode.c.h; path = PlayerNewsViewController.h; sourceTree = "<group>"; };
		39AC2E041AB8C8DA0077D31E /* PlayerNewsViewController.m */ = {isa = PBXFileReference; fileEncoding = 4; lastKnownFileType = sourcecode.c.objc; path = PlayerNewsViewController.m; sourceTree = "<group>"; };
		39BA58121ABA7520007E5F9E /* ArticleViewController.h */ = {isa = PBXFileReference; fileEncoding = 4; lastKnownFileType = sourcecode.c.h; path = ArticleViewController.h; sourceTree = "<group>"; };
		39BA58131ABA7520007E5F9E /* ArticleViewController.m */ = {isa = PBXFileReference; fileEncoding = 4; lastKnownFileType = sourcecode.c.objc; path = ArticleViewController.m; sourceTree = "<group>"; };
/* End PBXFileReference section */

/* Begin PBXFrameworksBuildPhase section */
		39A7D2471AA25731005210F9 /* Frameworks */ = {
			isa = PBXFrameworksBuildPhase;
			buildActionMask = 2147483647;
			files = (
				39A3890B1AC11DCD009FA8B6 /* TwitterKit.framework in Frameworks */,
				39A3890D1AC11DCD009FA8B6 /* Fabric.framework in Frameworks */,
			);
			runOnlyForDeploymentPostprocessing = 0;
		};
		39A7D2601AA25731005210F9 /* Frameworks */ = {
			isa = PBXFrameworksBuildPhase;
			buildActionMask = 2147483647;
			files = (
			);
			runOnlyForDeploymentPostprocessing = 0;
		};
/* End PBXFrameworksBuildPhase section */

/* Begin PBXGroup section */
		39A100A61AA4E4340092F5CF /* SWRevealViewController */ = {
			isa = PBXGroup;
			children = (
				39A100A71AA4E4340092F5CF /* SWRevealViewController.h */,
				39A100A81AA4E4340092F5CF /* SWRevealViewController.m */,
			);
			path = SWRevealViewController;
			sourceTree = "<group>";
		};
		39A7D2411AA25731005210F9 = {
			isa = PBXGroup;
			children = (
				39A7D24C1AA25731005210F9 /* NBAPlayerTrack */,
				39A7D2661AA25731005210F9 /* NBAPlayerTrackTests */,
				39A7D24B1AA25731005210F9 /* Products */,
			);
			sourceTree = "<group>";
		};
		39A7D24B1AA25731005210F9 /* Products */ = {
			isa = PBXGroup;
			children = (
				39A7D24A1AA25731005210F9 /* NBAPlayerTrack.app */,
				39A7D2631AA25731005210F9 /* NBAPlayerTrackTests.xctest */,
			);
			name = Products;
			sourceTree = "<group>";
		};
		39A7D24C1AA25731005210F9 /* NBAPlayerTrack */ = {
			isa = PBXGroup;
			children = (
				39A389081AC11DCD009FA8B6 /* TwitterKit.framework */,
				39A389091AC11DCD009FA8B6 /* TwitterKitResources.bundle */,
				39A3890A1AC11DCD009FA8B6 /* Fabric.framework */,
				39A100A61AA4E4340092F5CF /* SWRevealViewController */,
				39A7D2511AA25731005210F9 /* AppDelegate.h */,
				39A7D2521AA25731005210F9 /* AppDelegate.m */,
				39A3890E1AC11E53009FA8B6 /* PlayerTwitterViewController.h */,
				39A3890F1AC11E53009FA8B6 /* PlayerTwitterViewController.m */,
				39A3D8DA1AB0D5D4006E9393 /* Player.h */,
				39A3D8DB1AB0D5D4006E9393 /* Player.m */,
				39A100AA1AA4E5B40092F5CF /* MainMenuViewController.h */,
				39A100AB1AA4E5B40092F5CF /* MainMenuViewController.m */,
				39A100B11AA4F0A70092F5CF /* NavigationViewController.h */,
				39A100B21AA4F0A70092F5CF /* NavigationViewController.m */,
				39A7D2571AA25731005210F9 /* Main.storyboard */,
				39A389111AC1504F009FA8B6 /* PlayerCell.xib */,
				39A389131AC150FD009FA8B6 /* PlayerCell.h */,
				39A389141AC150FD009FA8B6 /* PlayerCell.m */,
				39BA58121ABA7520007E5F9E /* ArticleViewController.h */,
				39BA58131ABA7520007E5F9E /* ArticleViewController.m */,
				39AC2E031AB8C8DA0077D31E /* PlayerNewsViewController.h */,
				39AC2E041AB8C8DA0077D31E /* PlayerNewsViewController.m */,
				39AC2E001AB8ADCE0077D31E /* PlayerTabBarController.h */,
				39AC2E011AB8ADCE0077D31E /* PlayerTabBarController.m */,
				39A3D8DD1AB0E4FD006E9393 /* PlayerSearchViewController.h */,
				39A3D8DE1AB0E4FD006E9393 /* PlayerSearchViewController.m */,
				39A3D8E01AB0F871006E9393 /* PlayerSearchResultsViewController.h */,
				39A3D8E11AB0F871006E9393 /* PlayerSearchResultsViewController.m */,
				39A2BA1E1AB36F34001C905E /* Utility.h */,
				39A2BA1F1AB36F34001C905E /* Utility.m */,
				39A3D23A1ABB6EDD00AC65E2 /* Article.h */,
				39A3D23B1ABB6EDD00AC65E2 /* Article.m */,
				39A7D25A1AA25731005210F9 /* Images.xcassets */,
				39A7D25C1AA25731005210F9 /* LaunchScreen.xib */,
				39A7D24D1AA25731005210F9 /* Supporting Files */,
			);
			path = NBAPlayerTrack;
			sourceTree = "<group>";
		};
		39A7D24D1AA25731005210F9 /* Supporting Files */ = {
			isa = PBXGroup;
			children = (
				39A100AD1AA4EA0D0092F5CF /* menu.png */,
				39A100AE1AA4EA0D0092F5CF /* menu@2x.png */,
				39A7D24E1AA25731005210F9 /* Info.plist */,
				39A7D24F1AA25731005210F9 /* main.m */,
			);
			name = "Supporting Files";
			sourceTree = "<group>";
		};
		39A7D2661AA25731005210F9 /* NBAPlayerTrackTests */ = {
			isa = PBXGroup;
			children = (
				39A7D2691AA25731005210F9 /* NBAPlayerTrackTests.m */,
				39A7D2671AA25731005210F9 /* Supporting Files */,
			);
			path = NBAPlayerTrackTests;
			sourceTree = "<group>";
		};
		39A7D2671AA25731005210F9 /* Supporting Files */ = {
			isa = PBXGroup;
			children = (
				39A7D2681AA25731005210F9 /* Info.plist */,
			);
			name = "Supporting Files";
			sourceTree = "<group>";
		};
/* End PBXGroup section */

/* Begin PBXNativeTarget section */
		39A7D2491AA25731005210F9 /* NBAPlayerTrack */ = {
			isa = PBXNativeTarget;
			buildConfigurationList = 39A7D26D1AA25731005210F9 /* Build configuration list for PBXNativeTarget "NBAPlayerTrack" */;
			buildPhases = (
				39A7D2461AA25731005210F9 /* Sources */,
				39A7D2471AA25731005210F9 /* Frameworks */,
				39A7D2481AA25731005210F9 /* Resources */,
				39B1EFEE1AC0C6ED004922BE /* ShellScript */,
			);
			buildRules = (
			);
			dependencies = (
			);
			name = NBAPlayerTrack;
			productName = NBAPlayerTrack;
			productReference = 39A7D24A1AA25731005210F9 /* NBAPlayerTrack.app */;
			productType = "com.apple.product-type.application";
		};
		39A7D2621AA25731005210F9 /* NBAPlayerTrackTests */ = {
			isa = PBXNativeTarget;
			buildConfigurationList = 39A7D2701AA25731005210F9 /* Build configuration list for PBXNativeTarget "NBAPlayerTrackTests" */;
			buildPhases = (
				39A7D25F1AA25731005210F9 /* Sources */,
				39A7D2601AA25731005210F9 /* Frameworks */,
				39A7D2611AA25731005210F9 /* Resources */,
			);
			buildRules = (
			);
			dependencies = (
				39A7D2651AA25731005210F9 /* PBXTargetDependency */,
			);
			name = NBAPlayerTrackTests;
			productName = NBAPlayerTrackTests;
			productReference = 39A7D2631AA25731005210F9 /* NBAPlayerTrackTests.xctest */;
			productType = "com.apple.product-type.bundle.unit-test";
		};
/* End PBXNativeTarget section */

/* Begin PBXProject section */
		39A7D2421AA25731005210F9 /* Project object */ = {
			isa = PBXProject;
			attributes = {
				LastUpgradeCheck = 0610;
				ORGANIZATIONNAME = "___Sethia___";
				TargetAttributes = {
					39A7D2491AA25731005210F9 = {
						CreatedOnToolsVersion = 6.1;
						DevelopmentTeam = BWSLUFSJRA;
					};
					39A7D2621AA25731005210F9 = {
						CreatedOnToolsVersion = 6.1;
						TestTargetID = 39A7D2491AA25731005210F9;
					};
				};
			};
			buildConfigurationList = 39A7D2451AA25731005210F9 /* Build configuration list for PBXProject "NBAPlayerTrack" */;
			compatibilityVersion = "Xcode 3.2";
			developmentRegion = English;
			hasScannedForEncodings = 0;
			knownRegions = (
				en,
				Base,
			);
			mainGroup = 39A7D2411AA25731005210F9;
			productRefGroup = 39A7D24B1AA25731005210F9 /* Products */;
			projectDirPath = "";
			projectRoot = "";
			targets = (
				39A7D2491AA25731005210F9 /* NBAPlayerTrack */,
				39A7D2621AA25731005210F9 /* NBAPlayerTrackTests */,
			);
		};
/* End PBXProject section */

/* Begin PBXResourcesBuildPhase section */
		39A7D2481AA25731005210F9 /* Resources */ = {
			isa = PBXResourcesBuildPhase;
			buildActionMask = 2147483647;
			files = (
				39A100AF1AA4EA0D0092F5CF /* menu.png in Resources */,
				39A7D2591AA25731005210F9 /* Main.storyboard in Resources */,
				39A100B01AA4EA0D0092F5CF /* menu@2x.png in Resources */,
				39A389121AC1504F009FA8B6 /* PlayerCell.xib in Resources */,
				39A7D25E1AA25731005210F9 /* LaunchScreen.xib in Resources */,
				39A3890C1AC11DCD009FA8B6 /* TwitterKitResources.bundle in Resources */,
				39A7D25B1AA25731005210F9 /* Images.xcassets in Resources */,
			);
			runOnlyForDeploymentPostprocessing = 0;
		};
		39A7D2611AA25731005210F9 /* Resources */ = {
			isa = PBXResourcesBuildPhase;
			buildActionMask = 2147483647;
			files = (
			);
			runOnlyForDeploymentPostprocessing = 0;
		};
/* End PBXResourcesBuildPhase section */

/* Begin PBXShellScriptBuildPhase section */
		39B1EFEE1AC0C6ED004922BE /* ShellScript */ = {
			isa = PBXShellScriptBuildPhase;
			buildActionMask = 2147483647;
			files = (
			);
			inputPaths = (
			);
			outputPaths = (
			);
			runOnlyForDeploymentPostprocessing = 0;
			shellPath = /bin/sh;
			shellScript = "./Fabric.framework/run 4f1a09fe723f1b64b1e1099c827b2d68ffc34f6b f97d7f9cf7e2330e2a0a96ce29405e4422dd07a004f4578d9c072635f610a8b6";
		};
/* End PBXShellScriptBuildPhase section */

/* Begin PBXSourcesBuildPhase section */
		39A7D2461AA25731005210F9 /* Sources */ = {
			isa = PBXSourcesBuildPhase;
			buildActionMask = 2147483647;
			files = (
				39A100AC1AA4E5B40092F5CF /* MainMenuViewController.m in Sources */,
				39A3D8DF1AB0E4FD006E9393 /* PlayerSearchViewController.m in Sources */,
				39A3D8E21AB0F871006E9393 /* PlayerSearchResultsViewController.m in Sources */,
				39A7D2531AA25731005210F9 /* AppDelegate.m in Sources */,
				39AC2E021AB8ADCE0077D31E /* PlayerTabBarController.m in Sources */,
				39A389101AC11E53009FA8B6 /* PlayerTwitterViewController.m in Sources */,
				39A3D23C1ABB6EDD00AC65E2 /* Article.m in Sources */,
				39BA58141ABA7520007E5F9E /* ArticleViewController.m in Sources */,
				39A2BA201AB36F34001C905E /* Utility.m in Sources */,
				39A100B31AA4F0A70092F5CF /* NavigationViewController.m in Sources */,
				39A7D2501AA25731005210F9 /* main.m in Sources */,
				39A3D8DC1AB0D5D4006E9393 /* Player.m in Sources */,
				39AC2E051AB8C8DA0077D31E /* PlayerNewsViewController.m in Sources */,
				39A389151AC150FD009FA8B6 /* PlayerCell.m in Sources */,
				39A100A91AA4E4340092F5CF /* SWRevealViewController.m in Sources */,
			);
			runOnlyForDeploymentPostprocessing = 0;
		};
		39A7D25F1AA25731005210F9 /* Sources */ = {
			isa = PBXSourcesBuildPhase;
			buildActionMask = 2147483647;
			files = (
				39A7D26A1AA25731005210F9 /* NBAPlayerTrackTests.m in Sources */,
			);
			runOnlyForDeploymentPostprocessing = 0;
		};
/* End PBXSourcesBuildPhase section */

/* Begin PBXTargetDependency section */
		39A7D2651AA25731005210F9 /* PBXTargetDependency */ = {
			isa = PBXTargetDependency;
			target = 39A7D2491AA25731005210F9 /* NBAPlayerTrack */;
			targetProxy = 39A7D2641AA25731005210F9 /* PBXContainerItemProxy */;
		};
/* End PBXTargetDependency section */

/* Begin PBXVariantGroup section */
		39A7D2571AA25731005210F9 /* Main.storyboard */ = {
			isa = PBXVariantGroup;
			children = (
				39A7D2581AA25731005210F9 /* Base */,
			);
			name = Main.storyboard;
			sourceTree = "<group>";
		};
		39A7D25C1AA25731005210F9 /* LaunchScreen.xib */ = {
			isa = PBXVariantGroup;
			children = (
				39A7D25D1AA25731005210F9 /* Base */,
			);
			name = LaunchScreen.xib;
			sourceTree = "<group>";
		};
/* End PBXVariantGroup section */

/* Begin XCBuildConfiguration section */
		39A7D26B1AA25731005210F9 /* Debug */ = {
			isa = XCBuildConfiguration;
			buildSettings = {
				ALWAYS_SEARCH_USER_PATHS = NO;
				CLANG_CXX_LANGUAGE_STANDARD = "gnu++0x";
				CLANG_CXX_LIBRARY = "libc++";
				CLANG_ENABLE_MODULES = YES;
				CLANG_ENABLE_OBJC_ARC = YES;
				CLANG_WARN_BOOL_CONVERSION = YES;
				CLANG_WARN_CONSTANT_CONVERSION = YES;
				CLANG_WARN_DIRECT_OBJC_ISA_USAGE = YES_ERROR;
				CLANG_WARN_EMPTY_BODY = YES;
				CLANG_WARN_ENUM_CONVERSION = YES;
				CLANG_WARN_INT_CONVERSION = YES;
				CLANG_WARN_OBJC_ROOT_CLASS = YES_ERROR;
				CLANG_WARN_UNREACHABLE_CODE = YES;
				CLANG_WARN__DUPLICATE_METHOD_MATCH = YES;
				"CODE_SIGN_IDENTITY[sdk=iphoneos*]" = "iPhone Developer";
				COPY_PHASE_STRIP = NO;
				ENABLE_STRICT_OBJC_MSGSEND = YES;
				GCC_C_LANGUAGE_STANDARD = gnu99;
				GCC_DYNAMIC_NO_PIC = NO;
				GCC_OPTIMIZATION_LEVEL = 0;
				GCC_PREPROCESSOR_DEFINITIONS = (
					"DEBUG=1",
					"$(inherited)",
				);
				GCC_SYMBOLS_PRIVATE_EXTERN = NO;
				GCC_WARN_64_TO_32_BIT_CONVERSION = YES;
				GCC_WARN_ABOUT_RETURN_TYPE = YES_ERROR;
				GCC_WARN_UNDECLARED_SELECTOR = YES;
				GCC_WARN_UNINITIALIZED_AUTOS = YES_AGGRESSIVE;
				GCC_WARN_UNUSED_FUNCTION = YES;
				GCC_WARN_UNUSED_VARIABLE = YES;
				IPHONEOS_DEPLOYMENT_TARGET = 8.1;
				MTL_ENABLE_DEBUG_INFO = YES;
				ONLY_ACTIVE_ARCH = YES;
				SDKROOT = iphoneos;
			};
			name = Debug;
		};
		39A7D26C1AA25731005210F9 /* Release */ = {
			isa = XCBuildConfiguration;
			buildSettings = {
				ALWAYS_SEARCH_USER_PATHS = NO;
				CLANG_CXX_LANGUAGE_STANDARD = "gnu++0x";
				CLANG_CXX_LIBRARY = "libc++";
				CLANG_ENABLE_MODULES = YES;
				CLANG_ENABLE_OBJC_ARC = YES;
				CLANG_WARN_BOOL_CONVERSION = YES;
				CLANG_WARN_CONSTANT_CONVERSION = YES;
				CLANG_WARN_DIRECT_OBJC_ISA_USAGE = YES_ERROR;
				CLANG_WARN_EMPTY_BODY = YES;
				CLANG_WARN_ENUM_CONVERSION = YES;
				CLANG_WARN_INT_CONVERSION = YES;
				CLANG_WARN_OBJC_ROOT_CLASS = YES_ERROR;
				CLANG_WARN_UNREACHABLE_CODE = YES;
				CLANG_WARN__DUPLICATE_METHOD_MATCH = YES;
				"CODE_SIGN_IDENTITY[sdk=iphoneos*]" = "iPhone Developer";
				COPY_PHASE_STRIP = YES;
				ENABLE_NS_ASSERTIONS = NO;
				ENABLE_STRICT_OBJC_MSGSEND = YES;
				GCC_C_LANGUAGE_STANDARD = gnu99;
				GCC_WARN_64_TO_32_BIT_CONVERSION = YES;
				GCC_WARN_ABOUT_RETURN_TYPE = YES_ERROR;
				GCC_WARN_UNDECLARED_SELECTOR = YES;
				GCC_WARN_UNINITIALIZED_AUTOS = YES_AGGRESSIVE;
				GCC_WARN_UNUSED_FUNCTION = YES;
				GCC_WARN_UNUSED_VARIABLE = YES;
				IPHONEOS_DEPLOYMENT_TARGET = 8.1;
				MTL_ENABLE_DEBUG_INFO = NO;
				SDKROOT = iphoneos;
				VALIDATE_PRODUCT = YES;
			};
			name = Release;
		};
		39A7D26E1AA25731005210F9 /* Debug */ = {
			isa = XCBuildConfiguration;
			buildSettings = {
				ASSETCATALOG_COMPILER_APPICON_NAME = AppIcon;
				FRAMEWORK_SEARCH_PATHS = (
					"$(inherited)",
					"$(PROJECT_DIR)",
				);
				HEADER_SEARCH_PATHS = (
					"$(inherited)",
					/Applications/Xcode.app/Contents/Developer/Toolchains/XcodeDefault.xctoolchain/usr/include,
					/usr/include/libxml2,
				);
				INFOPLIST_FILE = NBAPlayerTrack/Info.plist;
				IPHONEOS_DEPLOYMENT_TARGET = 8.2;
				LD_RUNPATH_SEARCH_PATHS = "$(inherited) @executable_path/Frameworks";
				OTHER_LDFLAGS = "-lxml2";
				PRODUCT_NAME = "$(TARGET_NAME)";
			};
			name = Debug;
		};
		39A7D26F1AA25731005210F9 /* Release */ = {
			isa = XCBuildConfiguration;
			buildSettings = {
				ASSETCATALOG_COMPILER_APPICON_NAME = AppIcon;
				FRAMEWORK_SEARCH_PATHS = (
					"$(inherited)",
					"$(PROJECT_DIR)",
				);
				HEADER_SEARCH_PATHS = (
					"$(inherited)",
					/Applications/Xcode.app/Contents/Developer/Toolchains/XcodeDefault.xctoolchain/usr/include,
					/usr/include/libxml2,
				);
				INFOPLIST_FILE = NBAPlayerTrack/Info.plist;
				IPHONEOS_DEPLOYMENT_TARGET = 8.2;
				LD_RUNPATH_SEARCH_PATHS = "$(inherited) @executable_path/Frameworks";
				OTHER_LDFLAGS = "-lxml2";
				PRODUCT_NAME = "$(TARGET_NAME)";
			};
			name = Release;
		};
		39A7D2711AA25731005210F9 /* Debug */ = {
			isa = XCBuildConfiguration;
			buildSettings = {
				BUNDLE_LOADER = "$(TEST_HOST)";
				FRAMEWORK_SEARCH_PATHS = (
					"$(SDKROOT)/Developer/Library/Frameworks",
					"$(inherited)",
				);
				GCC_PREPROCESSOR_DEFINITIONS = (
					"DEBUG=1",
					"$(inherited)",
				);
				INFOPLIST_FILE = NBAPlayerTrackTests/Info.plist;
				LD_RUNPATH_SEARCH_PATHS = "$(inherited) @executable_path/Frameworks @loader_path/Frameworks";
				PRODUCT_NAME = "$(TARGET_NAME)";
				TEST_HOST = "$(BUILT_PRODUCTS_DIR)/NBAPlayerTrack.app/NBAPlayerTrack";
			};
			name = Debug;
		};
		39A7D2721AA25731005210F9 /* Release */ = {
			isa = XCBuildConfiguration;
			buildSettings = {
				BUNDLE_LOADER = "$(TEST_HOST)";
				FRAMEWORK_SEARCH_PATHS = (
					"$(SDKROOT)/Developer/Library/Frameworks",
					"$(inherited)",
				);
				INFOPLIST_FILE = NBAPlayerTrackTests/Info.plist;
				LD_RUNPATH_SEARCH_PATHS = "$(inherited) @executable_path/Frameworks @loader_path/Frameworks";
				PRODUCT_NAME = "$(TARGET_NAME)";
				TEST_HOST = "$(BUILT_PRODUCTS_DIR)/NBAPlayerTrack.app/NBAPlayerTrack";
			};
			name = Release;
		};
/* End XCBuildConfiguration section */

/* Begin XCConfigurationList section */
		39A7D2451AA25731005210F9 /* Build configuration list for PBXProject "NBAPlayerTrack" */ = {
			isa = XCConfigurationList;
			buildConfigurations = (
				39A7D26B1AA25731005210F9 /* Debug */,
				39A7D26C1AA25731005210F9 /* Release */,
			);
			defaultConfigurationIsVisible = 0;
			defaultConfigurationName = Release;
		};
		39A7D26D1AA25731005210F9 /* Build configuration list for PBXNativeTarget "NBAPlayerTrack" */ = {
			isa = XCConfigurationList;
			buildConfigurations = (
				39A7D26E1AA25731005210F9 /* Debug */,
				39A7D26F1AA25731005210F9 /* Release */,
			);
			defaultConfigurationIsVisible = 0;
			defaultConfigurationName = Release;
		};
		39A7D2701AA25731005210F9 /* Build configuration list for PBXNativeTarget "NBAPlayerTrackTests" */ = {
			isa = XCConfigurationList;
			buildConfigurations = (
				39A7D2711AA25731005210F9 /* Debug */,
				39A7D2721AA25731005210F9 /* Release */,
			);
			defaultConfigurationIsVisible = 0;
			defaultConfigurationName = Release;
		};
/* End XCConfigurationList section */
	};
	rootObject = 39A7D2421AA25731005210F9 /* Project object */;
}
